
Microsoft Visual Studio Solution File, Format Version 12.00
# Visual Studio Version 17
VisualStudioVersion = 17.0.31903.59
MinimumVisualStudioVersion = 10.0.40219.1
Project("{2150E333-8FDC-42A3-9474-1A3956D46DE8}") = "lib", "lib", "{BFE64EE4-A6F6-416B-8BFE-41B9AA111B8D}"
EndProject
Project("{2150E333-8FDC-42A3-9474-1A3956D46DE8}") = "src", "src", "{6BD4BC5E-0DA3-49E4-ABFB-D3D0B91E81DE}"
EndProject
Project("{FAE04EC0-301F-11D3-BF4B-00C04F79EFBC}") = "Annium.Id.AspNetCore", "lib\src\Annium.Id.AspNetCore\Annium.Id.AspNetCore.csproj", "{4906EDEC-5849-404D-95C2-EC48CBE9A296}"
EndProject
Project("{FAE04EC0-301F-11D3-BF4B-00C04F79EFBC}") = "Annium.Id.Core", "lib\src\Annium.Id.Core\Annium.Id.Core.csproj", "{27797DFE-7D74-433D-AFF7-A6FDEBF8C9B7}"
EndProject
Project("{2150E333-8FDC-42A3-9474-1A3956D46DE8}") = "test", "test", "{9B9F512D-08AA-4CEB-B0EF-4B132BDB3344}"
EndProject
Project("{FAE04EC0-301F-11D3-BF4B-00C04F79EFBC}") = "Annium.Id.Core.Tests", "lib\test\Annium.Id.Core.Tests\Annium.Id.Core.Tests.csproj", "{D08389CA-6375-4BBB-A72F-D3750EBE9170}"
EndProject
Project("{2150E333-8FDC-42A3-9474-1A3956D46DE8}") = "server", "server", "{2B7D7401-C118-45FE-A95B-13E40175F2D7}"
EndProject
Project("{2150E333-8FDC-42A3-9474-1A3956D46DE8}") = "src", "src", "{3580B25C-CC38-4BBF-B1B8-D87FF8881276}"
EndProject
Project("{FAE04EC0-301F-11D3-BF4B-00C04F79EFBC}") = "Server.Application", "server\src\Server.Application\Server.Application.csproj", "{9A2C3451-BD37-4A3A-99F9-4A67AF167F9A}"
EndProject
Project("{FAE04EC0-301F-11D3-BF4B-00C04F79EFBC}") = "Server.Db", "server\src\Server.Db\Server.Db.csproj", "{26808EEE-4DA5-4555-A211-357CD049A422}"
EndProject
Project("{2150E333-8FDC-42A3-9474-1A3956D46DE8}") = "test", "test", "{B638792C-7309-481F-B160-C26814491270}"
EndProject
Project("{FAE04EC0-301F-11D3-BF4B-00C04F79EFBC}") = "Server.DemoHost", "server\test\Server.DemoHost\Server.DemoHost.csproj", "{DFE45616-2D3E-485D-8147-AD5022E40571}"
EndProject
Project("{FAE04EC0-301F-11D3-BF4B-00C04F79EFBC}") = "Server.DemoHost.TestClient", "server\test\Server.DemoHost.TestClient\Server.DemoHost.TestClient.csproj", "{4C42F166-B015-4241-8D57-C673C53D8D0E}"
EndProject
Project("{FAE04EC0-301F-11D3-BF4B-00C04F79EFBC}") = "Server.Domain", "server\src\Server.Domain\Server.Domain.csproj", "{87A84B70-B678-4245-939D-162195763367}"
EndProject
Project("{FAE04EC0-301F-11D3-BF4B-00C04F79EFBC}") = "Server.Email", "server\src\Server.Email\Server.Email.csproj", "{178FE8CF-BD7D-4349-8BC3-183183ED95EA}"
EndProject
Project("{FAE04EC0-301F-11D3-BF4B-00C04F79EFBC}") = "Server.Host", "server\src\Server.Host\Server.Host.csproj", "{5BC363DA-8E21-4433-90C7-C7E759FE017C}"
EndProject
Project("{FAE04EC0-301F-11D3-BF4B-00C04F79EFBC}") = "Server.IntegrationTests", "server\test\Server.IntegrationTests\Server.IntegrationTests.csproj", "{7485EF61-85D0-4F4E-9875-FC03BA49DF64}"
EndProject
Project("{FAE04EC0-301F-11D3-BF4B-00C04F79EFBC}") = "Server.TestClient", "server\test\Server.TestClient\Server.TestClient.csproj", "{48E793B8-BD35-4621-AB4E-B9F797822794}"
EndProject
Project("{FAE04EC0-301F-11D3-BF4B-00C04F79EFBC}") = "Server.ViewModels", "server\src\Server.ViewModels\Server.ViewModels.csproj", "{E04733D6-DB3D-45BC-908A-EE18517DE435}"
EndProject
Project("{2150E333-8FDC-42A3-9474-1A3956D46DE8}") = "web", "web", "{B983731C-99F9-43AC-9C75-883D0568E200}"
EndProject
Project("{2150E333-8FDC-42A3-9474-1A3956D46DE8}") = "src", "src", "{4551CE15-CBFE-4A33-A04C-E2D2F4BAD0EF}"
EndProject
Project("{FAE04EC0-301F-11D3-BF4B-00C04F79EFBC}") = "Site", "web\src\Site\Site.csproj", "{0649DE07-D063-48AD-A142-254BC22A85B0}"
EndProject
Global
	GlobalSection(SolutionConfigurationPlatforms) = preSolution
		Debug|Any CPU = Debug|Any CPU
		Release|Any CPU = Release|Any CPU
	EndGlobalSection
	GlobalSection(SolutionProperties) = preSolution
		HideSolutionNode = FALSE
	EndGlobalSection
	GlobalSection(ProjectConfigurationPlatforms) = postSolution
		{4906EDEC-5849-404D-95C2-EC48CBE9A296}.Debug|Any CPU.ActiveCfg = Debug|Any CPU
		{4906EDEC-5849-404D-95C2-EC48CBE9A296}.Debug|Any CPU.Build.0 = Debug|Any CPU
		{4906EDEC-5849-404D-95C2-EC48CBE9A296}.Release|Any CPU.ActiveCfg = Release|Any CPU
		{4906EDEC-5849-404D-95C2-EC48CBE9A296}.Release|Any CPU.Build.0 = Release|Any CPU
		{27797DFE-7D74-433D-AFF7-A6FDEBF8C9B7}.Debug|Any CPU.ActiveCfg = Debug|Any CPU
		{27797DFE-7D74-433D-AFF7-A6FDEBF8C9B7}.Debug|Any CPU.Build.0 = Debug|Any CPU
		{27797DFE-7D74-433D-AFF7-A6FDEBF8C9B7}.Release|Any CPU.ActiveCfg = Release|Any CPU
		{27797DFE-7D74-433D-AFF7-A6FDEBF8C9B7}.Release|Any CPU.Build.0 = Release|Any CPU
		{D08389CA-6375-4BBB-A72F-D3750EBE9170}.Debug|Any CPU.ActiveCfg = Debug|Any CPU
		{D08389CA-6375-4BBB-A72F-D3750EBE9170}.Debug|Any CPU.Build.0 = Debug|Any CPU
		{D08389CA-6375-4BBB-A72F-D3750EBE9170}.Release|Any CPU.ActiveCfg = Release|Any CPU
		{D08389CA-6375-4BBB-A72F-D3750EBE9170}.Release|Any CPU.Build.0 = Release|Any CPU
		{9A2C3451-BD37-4A3A-99F9-4A67AF167F9A}.Debug|Any CPU.ActiveCfg = Debug|Any CPU
		{9A2C3451-BD37-4A3A-99F9-4A67AF167F9A}.Debug|Any CPU.Build.0 = Debug|Any CPU
		{9A2C3451-BD37-4A3A-99F9-4A67AF167F9A}.Release|Any CPU.ActiveCfg = Release|Any CPU
		{9A2C3451-BD37-4A3A-99F9-4A67AF167F9A}.Release|Any CPU.Build.0 = Release|Any CPU
		{26808EEE-4DA5-4555-A211-357CD049A422}.Debug|Any CPU.ActiveCfg = Debug|Any CPU
		{26808EEE-4DA5-4555-A211-357CD049A422}.Debug|Any CPU.Build.0 = Debug|Any CPU
		{26808EEE-4DA5-4555-A211-357CD049A422}.Release|Any CPU.ActiveCfg = Release|Any CPU
		{26808EEE-4DA5-4555-A211-357CD049A422}.Release|Any CPU.Build.0 = Release|Any CPU
		{DFE45616-2D3E-485D-8147-AD5022E40571}.Debug|Any CPU.ActiveCfg = Debug|Any CPU
		{DFE45616-2D3E-485D-8147-AD5022E40571}.Debug|Any CPU.Build.0 = Debug|Any CPU
		{DFE45616-2D3E-485D-8147-AD5022E40571}.Release|Any CPU.ActiveCfg = Release|Any CPU
		{DFE45616-2D3E-485D-8147-AD5022E40571}.Release|Any CPU.Build.0 = Release|Any CPU
		{4C42F166-B015-4241-8D57-C673C53D8D0E}.Debug|Any CPU.ActiveCfg = Debug|Any CPU
		{4C42F166-B015-4241-8D57-C673C53D8D0E}.Debug|Any CPU.Build.0 = Debug|Any CPU
		{4C42F166-B015-4241-8D57-C673C53D8D0E}.Release|Any CPU.ActiveCfg = Release|Any CPU
		{4C42F166-B015-4241-8D57-C673C53D8D0E}.Release|Any CPU.Build.0 = Release|Any CPU
		{87A84B70-B678-4245-939D-162195763367}.Debug|Any CPU.ActiveCfg = Debug|Any CPU
		{87A84B70-B678-4245-939D-162195763367}.Debug|Any CPU.Build.0 = Debug|Any CPU
		{87A84B70-B678-4245-939D-162195763367}.Release|Any CPU.ActiveCfg = Release|Any CPU
		{87A84B70-B678-4245-939D-162195763367}.Release|Any CPU.Build.0 = Release|Any CPU
		{178FE8CF-BD7D-4349-8BC3-183183ED95EA}.Debug|Any CPU.ActiveCfg = Debug|Any CPU
		{178FE8CF-BD7D-4349-8BC3-183183ED95EA}.Debug|Any CPU.Build.0 = Debug|Any CPU
		{178FE8CF-BD7D-4349-8BC3-183183ED95EA}.Release|Any CPU.ActiveCfg = Release|Any CPU
		{178FE8CF-BD7D-4349-8BC3-183183ED95EA}.Release|Any CPU.Build.0 = Release|Any CPU
		{5BC363DA-8E21-4433-90C7-C7E759FE017C}.Debug|Any CPU.ActiveCfg = Debug|Any CPU
		{5BC363DA-8E21-4433-90C7-C7E759FE017C}.Debug|Any CPU.Build.0 = Debug|Any CPU
		{5BC363DA-8E21-4433-90C7-C7E759FE017C}.Release|Any CPU.ActiveCfg = Release|Any CPU
		{5BC363DA-8E21-4433-90C7-C7E759FE017C}.Release|Any CPU.Build.0 = Release|Any CPU
		{7485EF61-85D0-4F4E-9875-FC03BA49DF64}.Debug|Any CPU.ActiveCfg = Debug|Any CPU
		{7485EF61-85D0-4F4E-9875-FC03BA49DF64}.Debug|Any CPU.Build.0 = Debug|Any CPU
		{7485EF61-85D0-4F4E-9875-FC03BA49DF64}.Release|Any CPU.ActiveCfg = Release|Any CPU
		{7485EF61-85D0-4F4E-9875-FC03BA49DF64}.Release|Any CPU.Build.0 = Release|Any CPU
		{48E793B8-BD35-4621-AB4E-B9F797822794}.Debug|Any CPU.ActiveCfg = Debug|Any CPU
		{48E793B8-BD35-4621-AB4E-B9F797822794}.Debug|Any CPU.Build.0 = Debug|Any CPU
		{48E793B8-BD35-4621-AB4E-B9F797822794}.Release|Any CPU.ActiveCfg = Release|Any CPU
		{48E793B8-BD35-4621-AB4E-B9F797822794}.Release|Any CPU.Build.0 = Release|Any CPU
		{E04733D6-DB3D-45BC-908A-EE18517DE435}.Debug|Any CPU.ActiveCfg = Debug|Any CPU
		{E04733D6-DB3D-45BC-908A-EE18517DE435}.Debug|Any CPU.Build.0 = Debug|Any CPU
		{E04733D6-DB3D-45BC-908A-EE18517DE435}.Release|Any CPU.ActiveCfg = Release|Any CPU
		{E04733D6-DB3D-45BC-908A-EE18517DE435}.Release|Any CPU.Build.0 = Release|Any CPU
		{0649DE07-D063-48AD-A142-254BC22A85B0}.Debug|Any CPU.ActiveCfg = Debug|Any CPU
		{0649DE07-D063-48AD-A142-254BC22A85B0}.Debug|Any CPU.Build.0 = Debug|Any CPU
		{0649DE07-D063-48AD-A142-254BC22A85B0}.Release|Any CPU.ActiveCfg = Release|Any CPU
		{0649DE07-D063-48AD-A142-254BC22A85B0}.Release|Any CPU.Build.0 = Release|Any CPU
	EndGlobalSection
	GlobalSection(NestedProjects) = preSolution
		{6BD4BC5E-0DA3-49E4-ABFB-D3D0B91E81DE} = {BFE64EE4-A6F6-416B-8BFE-41B9AA111B8D}
		{4906EDEC-5849-404D-95C2-EC48CBE9A296} = {6BD4BC5E-0DA3-49E4-ABFB-D3D0B91E81DE}
		{27797DFE-7D74-433D-AFF7-A6FDEBF8C9B7} = {6BD4BC5E-0DA3-49E4-ABFB-D3D0B91E81DE}
		{9B9F512D-08AA-4CEB-B0EF-4B132BDB3344} = {BFE64EE4-A6F6-416B-8BFE-41B9AA111B8D}
		{D08389CA-6375-4BBB-A72F-D3750EBE9170} = {9B9F512D-08AA-4CEB-B0EF-4B132BDB3344}
		{3580B25C-CC38-4BBF-B1B8-D87FF8881276} = {2B7D7401-C118-45FE-A95B-13E40175F2D7}
		{9A2C3451-BD37-4A3A-99F9-4A67AF167F9A} = {3580B25C-CC38-4BBF-B1B8-D87FF8881276}
		{26808EEE-4DA5-4555-A211-357CD049A422} = {3580B25C-CC38-4BBF-B1B8-D87FF8881276}
		{B638792C-7309-481F-B160-C26814491270} = {2B7D7401-C118-45FE-A95B-13E40175F2D7}
		{DFE45616-2D3E-485D-8147-AD5022E40571} = {B638792C-7309-481F-B160-C26814491270}
		{4C42F166-B015-4241-8D57-C673C53D8D0E} = {B638792C-7309-481F-B160-C26814491270}
		{87A84B70-B678-4245-939D-162195763367} = {3580B25C-CC38-4BBF-B1B8-D87FF8881276}
		{178FE8CF-BD7D-4349-8BC3-183183ED95EA} = {3580B25C-CC38-4BBF-B1B8-D87FF8881276}
		{5BC363DA-8E21-4433-90C7-C7E759FE017C} = {3580B25C-CC38-4BBF-B1B8-D87FF8881276}
		{7485EF61-85D0-4F4E-9875-FC03BA49DF64} = {B638792C-7309-481F-B160-C26814491270}
		{48E793B8-BD35-4621-AB4E-B9F797822794} = {B638792C-7309-481F-B160-C26814491270}
		{E04733D6-DB3D-45BC-908A-EE18517DE435} = {3580B25C-CC38-4BBF-B1B8-D87FF8881276}
		{4551CE15-CBFE-4A33-A04C-E2D2F4BAD0EF} = {B983731C-99F9-43AC-9C75-883D0568E200}
		{0649DE07-D063-48AD-A142-254BC22A85B0} = {4551CE15-CBFE-4A33-A04C-E2D2F4BAD0EF}
	EndGlobalSection
EndGlobal
