
Microsoft Visual Studio Solution File, Format Version 12.00
# Visual Studio Version 17
VisualStudioVersion = 17.0.31903.59
MinimumVisualStudioVersion = 10.0.40219.1
Project("{2150E333-8FDC-42A3-9474-1A3956D46DE8}") = "lib", "lib", "{CCD7334B-BD28-444D-A062-1AEA898AAC9E}"
EndProject
Project("{2150E333-8FDC-42A3-9474-1A3956D46DE8}") = "src", "src", "{D9BA29C1-AE9E-4430-9D7D-DA700814939F}"
EndProject
Project("{FAE04EC0-301F-11D3-BF4B-00C04F79EFBC}") = "Annium.Id.AspNetCore", "lib\src\Annium.Id.AspNetCore\Annium.Id.AspNetCore.csproj", "{2D3CD3A2-B913-4A85-8B1B-FCA2BB8570DD}"
EndProject
Project("{FAE04EC0-301F-11D3-BF4B-00C04F79EFBC}") = "Annium.Id.Core", "lib\src\Annium.Id.Core\Annium.Id.Core.csproj", "{AEDADF1E-1B97-408E-A226-5A52BC4B51B1}"
EndProject
Project("{2150E333-8FDC-42A3-9474-1A3956D46DE8}") = "test", "test", "{D76C04D3-30B4-40E6-9AAA-0F8BFEAE5EA0}"
EndProject
Project("{FAE04EC0-301F-11D3-BF4B-00C04F79EFBC}") = "Annium.Id.Core.Tests", "lib\test\Annium.Id.Core.Tests\Annium.Id.Core.Tests.csproj", "{5E5949E7-8335-4530-B255-292D9B95EF74}"
EndProject
Project("{2150E333-8FDC-42A3-9474-1A3956D46DE8}") = "core", "core", "{5173C33E-58DB-40B6-906C-854C2CAF8794}"
EndProject
Project("{2150E333-8FDC-42A3-9474-1A3956D46DE8}") = "src", "src", "{67E8AF0D-E3B8-4657-B2F4-372254909043}"
EndProject
Project("{FAE04EC0-301F-11D3-BF4B-00C04F79EFBC}") = "Core.Domain", "core\src\Core.Domain\Core.Domain.csproj", "{29ACC37A-7450-42F8-97A0-1D31C2566263}"
EndProject
Project("{2150E333-8FDC-42A3-9474-1A3956D46DE8}") = "server", "server", "{B6C9E27E-15F8-4C36-B2C3-8564F54E321E}"
EndProject
Project("{2150E333-8FDC-42A3-9474-1A3956D46DE8}") = "src", "src", "{14DF2EB9-9C7B-454C-A126-E6AE43A4C77A}"
EndProject
Project("{FAE04EC0-301F-11D3-BF4B-00C04F79EFBC}") = "Server.Application", "server\src\Server.Application\Server.Application.csproj", "{F29DFF3B-EEDF-4226-902E-9376AC5F76AB}"
EndProject
Project("{FAE04EC0-301F-11D3-BF4B-00C04F79EFBC}") = "Server.Db", "server\src\Server.Db\Server.Db.csproj", "{36B1F479-C4D5-48A2-9DB9-9256595C4E15}"
EndProject
Project("{FAE04EC0-301F-11D3-BF4B-00C04F79EFBC}") = "Server.Db.Migrator", "server\src\Server.Db.Migrator\Server.Db.Migrator.csproj", "{55B0DCFB-10E4-4A5B-8244-4388FF9ACDC8}"
EndProject
Project("{2150E333-8FDC-42A3-9474-1A3956D46DE8}") = "test", "test", "{132C4303-ADF3-45C1-9872-1723BD77F7A6}"
EndProject
Project("{FAE04EC0-301F-11D3-BF4B-00C04F79EFBC}") = "Server.DemoHost", "server\test\Server.DemoHost\Server.DemoHost.csproj", "{93786454-B9DE-4EE0-9ACD-1D21CA2BF2BF}"
EndProject
Project("{FAE04EC0-301F-11D3-BF4B-00C04F79EFBC}") = "Server.DemoHost.TestClient", "server\test\Server.DemoHost.TestClient\Server.DemoHost.TestClient.csproj", "{60B437A1-5DCE-442C-993B-F151B567F421}"
EndProject
Project("{FAE04EC0-301F-11D3-BF4B-00C04F79EFBC}") = "Server.Domain", "server\src\Server.Domain\Server.Domain.csproj", "{58734E14-6F7F-4E5E-BF09-BDCAFB8F9DDD}"
EndProject
Project("{FAE04EC0-301F-11D3-BF4B-00C04F79EFBC}") = "Server.Email", "server\src\Server.Email\Server.Email.csproj", "{8FB5738D-8382-42BC-AF90-D8A9058E33FA}"
EndProject
Project("{FAE04EC0-301F-11D3-BF4B-00C04F79EFBC}") = "Server.Host", "server\src\Server.Host\Server.Host.csproj", "{8366AA0B-F276-423D-BCFB-CF801B30EB6D}"
EndProject
Project("{FAE04EC0-301F-11D3-BF4B-00C04F79EFBC}") = "Server.IntegrationTests", "server\test\Server.IntegrationTests\Server.IntegrationTests.csproj", "{6060294E-D252-4D15-AD49-00BDB649805B}"
EndProject
Project("{FAE04EC0-301F-11D3-BF4B-00C04F79EFBC}") = "Server.TestClient", "server\test\Server.TestClient\Server.TestClient.csproj", "{1B3073EE-3D2D-483F-8B2A-FC9753F7E751}"
EndProject
Project("{FAE04EC0-301F-11D3-BF4B-00C04F79EFBC}") = "Server.ViewModels", "server\src\Server.ViewModels\Server.ViewModels.csproj", "{B82A35AE-6E17-4B7A-B44B-DCB79385D607}"
EndProject
Project("{2150E333-8FDC-42A3-9474-1A3956D46DE8}") = "web", "web", "{283904C4-6528-4519-84BB-9655A6C2AA6F}"
EndProject
Project("{2150E333-8FDC-42A3-9474-1A3956D46DE8}") = "src", "src", "{5F19E1BE-436A-481E-9A8F-13631F77371E}"
EndProject
Project("{FAE04EC0-301F-11D3-BF4B-00C04F79EFBC}") = "Site", "web\src\Site\Site.csproj", "{9C8111D8-BDF3-4EC5-B620-FBD6B4CC6839}"
EndProject
Global
	GlobalSection(SolutionConfigurationPlatforms) = preSolution
		Debug|Any CPU = Debug|Any CPU
		Release|Any CPU = Release|Any CPU
	EndGlobalSection
	GlobalSection(SolutionProperties) = preSolution
		HideSolutionNode = FALSE
	EndGlobalSection
	GlobalSection(ProjectConfigurationPlatforms) = postSolution
		{2D3CD3A2-B913-4A85-8B1B-FCA2BB8570DD}.Debug|Any CPU.ActiveCfg = Debug|Any CPU
		{2D3CD3A2-B913-4A85-8B1B-FCA2BB8570DD}.Debug|Any CPU.Build.0 = Debug|Any CPU
		{2D3CD3A2-B913-4A85-8B1B-FCA2BB8570DD}.Release|Any CPU.ActiveCfg = Release|Any CPU
		{2D3CD3A2-B913-4A85-8B1B-FCA2BB8570DD}.Release|Any CPU.Build.0 = Release|Any CPU
		{AEDADF1E-1B97-408E-A226-5A52BC4B51B1}.Debug|Any CPU.ActiveCfg = Debug|Any CPU
		{AEDADF1E-1B97-408E-A226-5A52BC4B51B1}.Debug|Any CPU.Build.0 = Debug|Any CPU
		{AEDADF1E-1B97-408E-A226-5A52BC4B51B1}.Release|Any CPU.ActiveCfg = Release|Any CPU
		{AEDADF1E-1B97-408E-A226-5A52BC4B51B1}.Release|Any CPU.Build.0 = Release|Any CPU
		{5E5949E7-8335-4530-B255-292D9B95EF74}.Debug|Any CPU.ActiveCfg = Debug|Any CPU
		{5E5949E7-8335-4530-B255-292D9B95EF74}.Debug|Any CPU.Build.0 = Debug|Any CPU
		{5E5949E7-8335-4530-B255-292D9B95EF74}.Release|Any CPU.ActiveCfg = Release|Any CPU
		{5E5949E7-8335-4530-B255-292D9B95EF74}.Release|Any CPU.Build.0 = Release|Any CPU
		{29ACC37A-7450-42F8-97A0-1D31C2566263}.Debug|Any CPU.ActiveCfg = Debug|Any CPU
		{29ACC37A-7450-42F8-97A0-1D31C2566263}.Debug|Any CPU.Build.0 = Debug|Any CPU
		{29ACC37A-7450-42F8-97A0-1D31C2566263}.Release|Any CPU.ActiveCfg = Release|Any CPU
		{29ACC37A-7450-42F8-97A0-1D31C2566263}.Release|Any CPU.Build.0 = Release|Any CPU
		{F29DFF3B-EEDF-4226-902E-9376AC5F76AB}.Debug|Any CPU.ActiveCfg = Debug|Any CPU
		{F29DFF3B-EEDF-4226-902E-9376AC5F76AB}.Debug|Any CPU.Build.0 = Debug|Any CPU
		{F29DFF3B-EEDF-4226-902E-9376AC5F76AB}.Release|Any CPU.ActiveCfg = Release|Any CPU
		{F29DFF3B-EEDF-4226-902E-9376AC5F76AB}.Release|Any CPU.Build.0 = Release|Any CPU
		{36B1F479-C4D5-48A2-9DB9-9256595C4E15}.Debug|Any CPU.ActiveCfg = Debug|Any CPU
		{36B1F479-C4D5-48A2-9DB9-9256595C4E15}.Debug|Any CPU.Build.0 = Debug|Any CPU
		{36B1F479-C4D5-48A2-9DB9-9256595C4E15}.Release|Any CPU.ActiveCfg = Release|Any CPU
		{36B1F479-C4D5-48A2-9DB9-9256595C4E15}.Release|Any CPU.Build.0 = Release|Any CPU
		{55B0DCFB-10E4-4A5B-8244-4388FF9ACDC8}.Debug|Any CPU.ActiveCfg = Debug|Any CPU
		{55B0DCFB-10E4-4A5B-8244-4388FF9ACDC8}.Debug|Any CPU.Build.0 = Debug|Any CPU
		{55B0DCFB-10E4-4A5B-8244-4388FF9ACDC8}.Release|Any CPU.ActiveCfg = Release|Any CPU
		{55B0DCFB-10E4-4A5B-8244-4388FF9ACDC8}.Release|Any CPU.Build.0 = Release|Any CPU
		{93786454-B9DE-4EE0-9ACD-1D21CA2BF2BF}.Debug|Any CPU.ActiveCfg = Debug|Any CPU
		{93786454-B9DE-4EE0-9ACD-1D21CA2BF2BF}.Debug|Any CPU.Build.0 = Debug|Any CPU
		{93786454-B9DE-4EE0-9ACD-1D21CA2BF2BF}.Release|Any CPU.ActiveCfg = Release|Any CPU
		{93786454-B9DE-4EE0-9ACD-1D21CA2BF2BF}.Release|Any CPU.Build.0 = Release|Any CPU
		{60B437A1-5DCE-442C-993B-F151B567F421}.Debug|Any CPU.ActiveCfg = Debug|Any CPU
		{60B437A1-5DCE-442C-993B-F151B567F421}.Debug|Any CPU.Build.0 = Debug|Any CPU
		{60B437A1-5DCE-442C-993B-F151B567F421}.Release|Any CPU.ActiveCfg = Release|Any CPU
		{60B437A1-5DCE-442C-993B-F151B567F421}.Release|Any CPU.Build.0 = Release|Any CPU
		{58734E14-6F7F-4E5E-BF09-BDCAFB8F9DDD}.Debug|Any CPU.ActiveCfg = Debug|Any CPU
		{58734E14-6F7F-4E5E-BF09-BDCAFB8F9DDD}.Debug|Any CPU.Build.0 = Debug|Any CPU
		{58734E14-6F7F-4E5E-BF09-BDCAFB8F9DDD}.Release|Any CPU.ActiveCfg = Release|Any CPU
		{58734E14-6F7F-4E5E-BF09-BDCAFB8F9DDD}.Release|Any CPU.Build.0 = Release|Any CPU
		{8FB5738D-8382-42BC-AF90-D8A9058E33FA}.Debug|Any CPU.ActiveCfg = Debug|Any CPU
		{8FB5738D-8382-42BC-AF90-D8A9058E33FA}.Debug|Any CPU.Build.0 = Debug|Any CPU
		{8FB5738D-8382-42BC-AF90-D8A9058E33FA}.Release|Any CPU.ActiveCfg = Release|Any CPU
		{8FB5738D-8382-42BC-AF90-D8A9058E33FA}.Release|Any CPU.Build.0 = Release|Any CPU
		{8366AA0B-F276-423D-BCFB-CF801B30EB6D}.Debug|Any CPU.ActiveCfg = Debug|Any CPU
		{8366AA0B-F276-423D-BCFB-CF801B30EB6D}.Debug|Any CPU.Build.0 = Debug|Any CPU
		{8366AA0B-F276-423D-BCFB-CF801B30EB6D}.Release|Any CPU.ActiveCfg = Release|Any CPU
		{8366AA0B-F276-423D-BCFB-CF801B30EB6D}.Release|Any CPU.Build.0 = Release|Any CPU
		{6060294E-D252-4D15-AD49-00BDB649805B}.Debug|Any CPU.ActiveCfg = Debug|Any CPU
		{6060294E-D252-4D15-AD49-00BDB649805B}.Debug|Any CPU.Build.0 = Debug|Any CPU
		{6060294E-D252-4D15-AD49-00BDB649805B}.Release|Any CPU.ActiveCfg = Release|Any CPU
		{6060294E-D252-4D15-AD49-00BDB649805B}.Release|Any CPU.Build.0 = Release|Any CPU
		{1B3073EE-3D2D-483F-8B2A-FC9753F7E751}.Debug|Any CPU.ActiveCfg = Debug|Any CPU
		{1B3073EE-3D2D-483F-8B2A-FC9753F7E751}.Debug|Any CPU.Build.0 = Debug|Any CPU
		{1B3073EE-3D2D-483F-8B2A-FC9753F7E751}.Release|Any CPU.ActiveCfg = Release|Any CPU
		{1B3073EE-3D2D-483F-8B2A-FC9753F7E751}.Release|Any CPU.Build.0 = Release|Any CPU
		{B82A35AE-6E17-4B7A-B44B-DCB79385D607}.Debug|Any CPU.ActiveCfg = Debug|Any CPU
		{B82A35AE-6E17-4B7A-B44B-DCB79385D607}.Debug|Any CPU.Build.0 = Debug|Any CPU
		{B82A35AE-6E17-4B7A-B44B-DCB79385D607}.Release|Any CPU.ActiveCfg = Release|Any CPU
		{B82A35AE-6E17-4B7A-B44B-DCB79385D607}.Release|Any CPU.Build.0 = Release|Any CPU
		{9C8111D8-BDF3-4EC5-B620-FBD6B4CC6839}.Debug|Any CPU.ActiveCfg = Debug|Any CPU
		{9C8111D8-BDF3-4EC5-B620-FBD6B4CC6839}.Debug|Any CPU.Build.0 = Debug|Any CPU
		{9C8111D8-BDF3-4EC5-B620-FBD6B4CC6839}.Release|Any CPU.ActiveCfg = Release|Any CPU
		{9C8111D8-BDF3-4EC5-B620-FBD6B4CC6839}.Release|Any CPU.Build.0 = Release|Any CPU
	EndGlobalSection
	GlobalSection(NestedProjects) = preSolution
		{D9BA29C1-AE9E-4430-9D7D-DA700814939F} = {CCD7334B-BD28-444D-A062-1AEA898AAC9E}
		{2D3CD3A2-B913-4A85-8B1B-FCA2BB8570DD} = {D9BA29C1-AE9E-4430-9D7D-DA700814939F}
		{AEDADF1E-1B97-408E-A226-5A52BC4B51B1} = {D9BA29C1-AE9E-4430-9D7D-DA700814939F}
		{D76C04D3-30B4-40E6-9AAA-0F8BFEAE5EA0} = {CCD7334B-BD28-444D-A062-1AEA898AAC9E}
		{5E5949E7-8335-4530-B255-292D9B95EF74} = {D76C04D3-30B4-40E6-9AAA-0F8BFEAE5EA0}
		{67E8AF0D-E3B8-4657-B2F4-372254909043} = {5173C33E-58DB-40B6-906C-854C2CAF8794}
		{29ACC37A-7450-42F8-97A0-1D31C2566263} = {67E8AF0D-E3B8-4657-B2F4-372254909043}
		{14DF2EB9-9C7B-454C-A126-E6AE43A4C77A} = {B6C9E27E-15F8-4C36-B2C3-8564F54E321E}
		{F29DFF3B-EEDF-4226-902E-9376AC5F76AB} = {14DF2EB9-9C7B-454C-A126-E6AE43A4C77A}
		{36B1F479-C4D5-48A2-9DB9-9256595C4E15} = {14DF2EB9-9C7B-454C-A126-E6AE43A4C77A}
		{55B0DCFB-10E4-4A5B-8244-4388FF9ACDC8} = {14DF2EB9-9C7B-454C-A126-E6AE43A4C77A}
		{132C4303-ADF3-45C1-9872-1723BD77F7A6} = {B6C9E27E-15F8-4C36-B2C3-8564F54E321E}
		{93786454-B9DE-4EE0-9ACD-1D21CA2BF2BF} = {132C4303-ADF3-45C1-9872-1723BD77F7A6}
		{60B437A1-5DCE-442C-993B-F151B567F421} = {132C4303-ADF3-45C1-9872-1723BD77F7A6}
		{58734E14-6F7F-4E5E-BF09-BDCAFB8F9DDD} = {14DF2EB9-9C7B-454C-A126-E6AE43A4C77A}
		{8FB5738D-8382-42BC-AF90-D8A9058E33FA} = {14DF2EB9-9C7B-454C-A126-E6AE43A4C77A}
		{8366AA0B-F276-423D-BCFB-CF801B30EB6D} = {14DF2EB9-9C7B-454C-A126-E6AE43A4C77A}
		{6060294E-D252-4D15-AD49-00BDB649805B} = {132C4303-ADF3-45C1-9872-1723BD77F7A6}
		{1B3073EE-3D2D-483F-8B2A-FC9753F7E751} = {132C4303-ADF3-45C1-9872-1723BD77F7A6}
		{B82A35AE-6E17-4B7A-B44B-DCB79385D607} = {14DF2EB9-9C7B-454C-A126-E6AE43A4C77A}
		{5F19E1BE-436A-481E-9A8F-13631F77371E} = {283904C4-6528-4519-84BB-9655A6C2AA6F}
		{9C8111D8-BDF3-4EC5-B620-FBD6B4CC6839} = {5F19E1BE-436A-481E-9A8F-13631F77371E}
	EndGlobalSection
EndGlobal
