
Microsoft Visual Studio Solution File, Format Version 12.00
# Visual Studio Version 17
VisualStudioVersion = 17.0.31903.59
MinimumVisualStudioVersion = 10.0.40219.1
Project("{2150E333-8FDC-42A3-9474-1A3956D46DE8}") = "lib", "lib", "{5243D56C-2A54-45EB-AAAC-6EDC814322EF}"
EndProject
Project("{2150E333-8FDC-42A3-9474-1A3956D46DE8}") = "src", "src", "{56A4DD2C-F930-4446-A038-6056B5E04214}"
EndProject
Project("{FAE04EC0-301F-11D3-BF4B-00C04F79EFBC}") = "Annium.Id.AspNetCore", "lib\src\Annium.Id.AspNetCore\Annium.Id.AspNetCore.csproj", "{9994D768-0ED1-4DF4-A626-D1514BD0C09E}"
EndProject
Project("{FAE04EC0-301F-11D3-BF4B-00C04F79EFBC}") = "Annium.Id.Core", "lib\src\Annium.Id.Core\Annium.Id.Core.csproj", "{EEB2CCD5-E1F0-4076-93A2-136EE0ECABF4}"
EndProject
Project("{2150E333-8FDC-42A3-9474-1A3956D46DE8}") = "tests", "tests", "{60C605A8-6872-4E0C-A249-4C892930EECA}"
EndProject
Project("{FAE04EC0-301F-11D3-BF4B-00C04F79EFBC}") = "Annium.Id.Core.Tests", "lib\tests\Annium.Id.Core.Tests\Annium.Id.Core.Tests.csproj", "{5ED06401-948A-475B-A2D4-812FF7AF43B8}"
EndProject
Project("{2150E333-8FDC-42A3-9474-1A3956D46DE8}") = "server", "server", "{1FBBA14C-9B4C-48CD-AAA7-E5DD087780E8}"
EndProject
Project("{2150E333-8FDC-42A3-9474-1A3956D46DE8}") = "src", "src", "{D7CFFBF7-6DBA-4EEB-9039-5AB410D576C1}"
EndProject
Project("{FAE04EC0-301F-11D3-BF4B-00C04F79EFBC}") = "Server.Application", "server\src\Server.Application\Server.Application.csproj", "{423CF408-BA7D-4DA0-B2F1-E7359C30418B}"
EndProject
Project("{FAE04EC0-301F-11D3-BF4B-00C04F79EFBC}") = "Server.Db", "server\src\Server.Db\Server.Db.csproj", "{118CDEBB-C463-46C6-922C-8266958BD85A}"
EndProject
Project("{2150E333-8FDC-42A3-9474-1A3956D46DE8}") = "tests", "tests", "{FCC8C2ED-3A9F-48AC-B580-EECD77AA8FCB}"
EndProject
Project("{FAE04EC0-301F-11D3-BF4B-00C04F79EFBC}") = "Server.DemoHost", "server\tests\Server.DemoHost\Server.DemoHost.csproj", "{DEDBB338-08EB-48C1-BF69-903DF6AE9B99}"
EndProject
Project("{FAE04EC0-301F-11D3-BF4B-00C04F79EFBC}") = "Server.DemoHost.TestClient", "server\tests\Server.DemoHost.TestClient\Server.DemoHost.TestClient.csproj", "{3D269F11-DAFC-4D37-875A-C5E1EF2377C8}"
EndProject
Project("{FAE04EC0-301F-11D3-BF4B-00C04F79EFBC}") = "Server.Domain", "server\src\Server.Domain\Server.Domain.csproj", "{F581C4CE-2B79-46C9-8489-53A0E68F7B2C}"
EndProject
Project("{FAE04EC0-301F-11D3-BF4B-00C04F79EFBC}") = "Server.Email", "server\src\Server.Email\Server.Email.csproj", "{65709A39-0951-4BCE-B67F-242B248BD037}"
EndProject
Project("{FAE04EC0-301F-11D3-BF4B-00C04F79EFBC}") = "Server.Host", "server\src\Server.Host\Server.Host.csproj", "{967D8FC9-AE37-45CD-A268-F5D9790B82CD}"
EndProject
Project("{FAE04EC0-301F-11D3-BF4B-00C04F79EFBC}") = "Server.Host.TestClient", "server\tests\Server.Host.TestClient\Server.Host.TestClient.csproj", "{A0718685-C6A7-40D2-9246-45BB0E6644D8}"
EndProject
Project("{FAE04EC0-301F-11D3-BF4B-00C04F79EFBC}") = "Server.IntegrationTests", "server\tests\Server.IntegrationTests\Server.IntegrationTests.csproj", "{283516D4-89F9-4FFC-9614-5A0FE1859BAF}"
EndProject
Project("{FAE04EC0-301F-11D3-BF4B-00C04F79EFBC}") = "Server.ViewModels", "server\src\Server.ViewModels\Server.ViewModels.csproj", "{FE6427C6-71EE-4E49-9E60-4D34918639F8}"
EndProject
Project("{2150E333-8FDC-42A3-9474-1A3956D46DE8}") = "web", "web", "{94AE76BF-77A8-4384-945F-9DD46C764F53}"
EndProject
Project("{2150E333-8FDC-42A3-9474-1A3956D46DE8}") = "src", "src", "{2DE096C3-D336-41DE-9C16-874201892FC6}"
EndProject
Project("{FAE04EC0-301F-11D3-BF4B-00C04F79EFBC}") = "Site", "web\src\Site\Site.csproj", "{F343CB52-2F56-4525-A126-B9CB37AD76DD}"
EndProject
Global
	GlobalSection(SolutionConfigurationPlatforms) = preSolution
		Debug|Any CPU = Debug|Any CPU
		Release|Any CPU = Release|Any CPU
	EndGlobalSection
	GlobalSection(SolutionProperties) = preSolution
		HideSolutionNode = FALSE
	EndGlobalSection
	GlobalSection(ProjectConfigurationPlatforms) = postSolution
		{9994D768-0ED1-4DF4-A626-D1514BD0C09E}.Debug|Any CPU.ActiveCfg = Debug|Any CPU
		{9994D768-0ED1-4DF4-A626-D1514BD0C09E}.Debug|Any CPU.Build.0 = Debug|Any CPU
		{9994D768-0ED1-4DF4-A626-D1514BD0C09E}.Release|Any CPU.ActiveCfg = Release|Any CPU
		{9994D768-0ED1-4DF4-A626-D1514BD0C09E}.Release|Any CPU.Build.0 = Release|Any CPU
		{EEB2CCD5-E1F0-4076-93A2-136EE0ECABF4}.Debug|Any CPU.ActiveCfg = Debug|Any CPU
		{EEB2CCD5-E1F0-4076-93A2-136EE0ECABF4}.Debug|Any CPU.Build.0 = Debug|Any CPU
		{EEB2CCD5-E1F0-4076-93A2-136EE0ECABF4}.Release|Any CPU.ActiveCfg = Release|Any CPU
		{EEB2CCD5-E1F0-4076-93A2-136EE0ECABF4}.Release|Any CPU.Build.0 = Release|Any CPU
		{5ED06401-948A-475B-A2D4-812FF7AF43B8}.Debug|Any CPU.ActiveCfg = Debug|Any CPU
		{5ED06401-948A-475B-A2D4-812FF7AF43B8}.Debug|Any CPU.Build.0 = Debug|Any CPU
		{5ED06401-948A-475B-A2D4-812FF7AF43B8}.Release|Any CPU.ActiveCfg = Release|Any CPU
		{5ED06401-948A-475B-A2D4-812FF7AF43B8}.Release|Any CPU.Build.0 = Release|Any CPU
		{423CF408-BA7D-4DA0-B2F1-E7359C30418B}.Debug|Any CPU.ActiveCfg = Debug|Any CPU
		{423CF408-BA7D-4DA0-B2F1-E7359C30418B}.Debug|Any CPU.Build.0 = Debug|Any CPU
		{423CF408-BA7D-4DA0-B2F1-E7359C30418B}.Release|Any CPU.ActiveCfg = Release|Any CPU
		{423CF408-BA7D-4DA0-B2F1-E7359C30418B}.Release|Any CPU.Build.0 = Release|Any CPU
		{118CDEBB-C463-46C6-922C-8266958BD85A}.Debug|Any CPU.ActiveCfg = Debug|Any CPU
		{118CDEBB-C463-46C6-922C-8266958BD85A}.Debug|Any CPU.Build.0 = Debug|Any CPU
		{118CDEBB-C463-46C6-922C-8266958BD85A}.Release|Any CPU.ActiveCfg = Release|Any CPU
		{118CDEBB-C463-46C6-922C-8266958BD85A}.Release|Any CPU.Build.0 = Release|Any CPU
		{DEDBB338-08EB-48C1-BF69-903DF6AE9B99}.Debug|Any CPU.ActiveCfg = Debug|Any CPU
		{DEDBB338-08EB-48C1-BF69-903DF6AE9B99}.Debug|Any CPU.Build.0 = Debug|Any CPU
		{DEDBB338-08EB-48C1-BF69-903DF6AE9B99}.Release|Any CPU.ActiveCfg = Release|Any CPU
		{DEDBB338-08EB-48C1-BF69-903DF6AE9B99}.Release|Any CPU.Build.0 = Release|Any CPU
		{3D269F11-DAFC-4D37-875A-C5E1EF2377C8}.Debug|Any CPU.ActiveCfg = Debug|Any CPU
		{3D269F11-DAFC-4D37-875A-C5E1EF2377C8}.Debug|Any CPU.Build.0 = Debug|Any CPU
		{3D269F11-DAFC-4D37-875A-C5E1EF2377C8}.Release|Any CPU.ActiveCfg = Release|Any CPU
		{3D269F11-DAFC-4D37-875A-C5E1EF2377C8}.Release|Any CPU.Build.0 = Release|Any CPU
		{F581C4CE-2B79-46C9-8489-53A0E68F7B2C}.Debug|Any CPU.ActiveCfg = Debug|Any CPU
		{F581C4CE-2B79-46C9-8489-53A0E68F7B2C}.Debug|Any CPU.Build.0 = Debug|Any CPU
		{F581C4CE-2B79-46C9-8489-53A0E68F7B2C}.Release|Any CPU.ActiveCfg = Release|Any CPU
		{F581C4CE-2B79-46C9-8489-53A0E68F7B2C}.Release|Any CPU.Build.0 = Release|Any CPU
		{65709A39-0951-4BCE-B67F-242B248BD037}.Debug|Any CPU.ActiveCfg = Debug|Any CPU
		{65709A39-0951-4BCE-B67F-242B248BD037}.Debug|Any CPU.Build.0 = Debug|Any CPU
		{65709A39-0951-4BCE-B67F-242B248BD037}.Release|Any CPU.ActiveCfg = Release|Any CPU
		{65709A39-0951-4BCE-B67F-242B248BD037}.Release|Any CPU.Build.0 = Release|Any CPU
		{967D8FC9-AE37-45CD-A268-F5D9790B82CD}.Debug|Any CPU.ActiveCfg = Debug|Any CPU
		{967D8FC9-AE37-45CD-A268-F5D9790B82CD}.Debug|Any CPU.Build.0 = Debug|Any CPU
		{967D8FC9-AE37-45CD-A268-F5D9790B82CD}.Release|Any CPU.ActiveCfg = Release|Any CPU
		{967D8FC9-AE37-45CD-A268-F5D9790B82CD}.Release|Any CPU.Build.0 = Release|Any CPU
		{A0718685-C6A7-40D2-9246-45BB0E6644D8}.Debug|Any CPU.ActiveCfg = Debug|Any CPU
		{A0718685-C6A7-40D2-9246-45BB0E6644D8}.Debug|Any CPU.Build.0 = Debug|Any CPU
		{A0718685-C6A7-40D2-9246-45BB0E6644D8}.Release|Any CPU.ActiveCfg = Release|Any CPU
		{A0718685-C6A7-40D2-9246-45BB0E6644D8}.Release|Any CPU.Build.0 = Release|Any CPU
		{283516D4-89F9-4FFC-9614-5A0FE1859BAF}.Debug|Any CPU.ActiveCfg = Debug|Any CPU
		{283516D4-89F9-4FFC-9614-5A0FE1859BAF}.Debug|Any CPU.Build.0 = Debug|Any CPU
		{283516D4-89F9-4FFC-9614-5A0FE1859BAF}.Release|Any CPU.ActiveCfg = Release|Any CPU
		{283516D4-89F9-4FFC-9614-5A0FE1859BAF}.Release|Any CPU.Build.0 = Release|Any CPU
		{FE6427C6-71EE-4E49-9E60-4D34918639F8}.Debug|Any CPU.ActiveCfg = Debug|Any CPU
		{FE6427C6-71EE-4E49-9E60-4D34918639F8}.Debug|Any CPU.Build.0 = Debug|Any CPU
		{FE6427C6-71EE-4E49-9E60-4D34918639F8}.Release|Any CPU.ActiveCfg = Release|Any CPU
		{FE6427C6-71EE-4E49-9E60-4D34918639F8}.Release|Any CPU.Build.0 = Release|Any CPU
		{F343CB52-2F56-4525-A126-B9CB37AD76DD}.Debug|Any CPU.ActiveCfg = Debug|Any CPU
		{F343CB52-2F56-4525-A126-B9CB37AD76DD}.Debug|Any CPU.Build.0 = Debug|Any CPU
		{F343CB52-2F56-4525-A126-B9CB37AD76DD}.Release|Any CPU.ActiveCfg = Release|Any CPU
		{F343CB52-2F56-4525-A126-B9CB37AD76DD}.Release|Any CPU.Build.0 = Release|Any CPU
	EndGlobalSection
	GlobalSection(NestedProjects) = preSolution
		{56A4DD2C-F930-4446-A038-6056B5E04214} = {5243D56C-2A54-45EB-AAAC-6EDC814322EF}
		{9994D768-0ED1-4DF4-A626-D1514BD0C09E} = {56A4DD2C-F930-4446-A038-6056B5E04214}
		{EEB2CCD5-E1F0-4076-93A2-136EE0ECABF4} = {56A4DD2C-F930-4446-A038-6056B5E04214}
		{60C605A8-6872-4E0C-A249-4C892930EECA} = {5243D56C-2A54-45EB-AAAC-6EDC814322EF}
		{5ED06401-948A-475B-A2D4-812FF7AF43B8} = {60C605A8-6872-4E0C-A249-4C892930EECA}
		{D7CFFBF7-6DBA-4EEB-9039-5AB410D576C1} = {1FBBA14C-9B4C-48CD-AAA7-E5DD087780E8}
		{423CF408-BA7D-4DA0-B2F1-E7359C30418B} = {D7CFFBF7-6DBA-4EEB-9039-5AB410D576C1}
		{118CDEBB-C463-46C6-922C-8266958BD85A} = {D7CFFBF7-6DBA-4EEB-9039-5AB410D576C1}
		{FCC8C2ED-3A9F-48AC-B580-EECD77AA8FCB} = {1FBBA14C-9B4C-48CD-AAA7-E5DD087780E8}
		{DEDBB338-08EB-48C1-BF69-903DF6AE9B99} = {FCC8C2ED-3A9F-48AC-B580-EECD77AA8FCB}
		{3D269F11-DAFC-4D37-875A-C5E1EF2377C8} = {FCC8C2ED-3A9F-48AC-B580-EECD77AA8FCB}
		{F581C4CE-2B79-46C9-8489-53A0E68F7B2C} = {D7CFFBF7-6DBA-4EEB-9039-5AB410D576C1}
		{65709A39-0951-4BCE-B67F-242B248BD037} = {D7CFFBF7-6DBA-4EEB-9039-5AB410D576C1}
		{967D8FC9-AE37-45CD-A268-F5D9790B82CD} = {D7CFFBF7-6DBA-4EEB-9039-5AB410D576C1}
		{A0718685-C6A7-40D2-9246-45BB0E6644D8} = {FCC8C2ED-3A9F-48AC-B580-EECD77AA8FCB}
		{283516D4-89F9-4FFC-9614-5A0FE1859BAF} = {FCC8C2ED-3A9F-48AC-B580-EECD77AA8FCB}
		{FE6427C6-71EE-4E49-9E60-4D34918639F8} = {D7CFFBF7-6DBA-4EEB-9039-5AB410D576C1}
		{2DE096C3-D336-41DE-9C16-874201892FC6} = {94AE76BF-77A8-4384-945F-9DD46C764F53}
		{F343CB52-2F56-4525-A126-B9CB37AD76DD} = {2DE096C3-D336-41DE-9C16-874201892FC6}
	EndGlobalSection
EndGlobal
