
Microsoft Visual Studio Solution File, Format Version 12.00
# Visual Studio 15
VisualStudioVersion = 15.0.26124.0
MinimumVisualStudioVersion = 15.0.26124.0
Project("{2150E333-8FDC-42A3-9474-1A3956D46DE8}") = "src", "src", "{3721B9F8-FCFC-4BAF-B833-20E323EDB094}"
EndProject
Project("{2150E333-8FDC-42A3-9474-1A3956D46DE8}") = "core", "core", "{C3F64548-EA18-49AE-B8CF-4D077A673249}"
EndProject
Project("{FAE04EC0-301F-11D3-BF4B-00C04F79EFBC}") = "Annium.Id.Domain", "src\core\Annium.Id.Domain\Annium.Id.Domain.csproj", "{5DB9A2C8-13BE-49FB-9142-639953E54694}"
EndProject
Project("{2150E333-8FDC-42A3-9474-1A3956D46DE8}") = "api", "api", "{DD12D3AF-1FF0-4AE0-80E6-306513EADA49}"
EndProject
Project("{FAE04EC0-301F-11D3-BF4B-00C04F79EFBC}") = "Annium.Id.Api", "src\api\Annium.Id.Api\Annium.Id.Api.csproj", "{B36918CC-1B2B-4275-843D-22DFC822ECE9}"
EndProject
Project("{FAE04EC0-301F-11D3-BF4B-00C04F79EFBC}") = "Annium.Id.Api.Application", "src\api\Annium.Id.Api.Application\Annium.Id.Api.Application.csproj", "{E0B7DC71-25F4-496F-A300-6428D3596F2B}"
EndProject
Project("{FAE04EC0-301F-11D3-BF4B-00C04F79EFBC}") = "Annium.Id.Api.ViewModels", "src\api\Annium.Id.Api.ViewModels\Annium.Id.Api.ViewModels.csproj", "{690FB001-19FD-410F-B16F-8ABCF54B7AC3}"
EndProject
Project("{2150E333-8FDC-42A3-9474-1A3956D46DE8}") = "lib", "lib", "{1C6A16F3-D4E4-409E-AD58-03AFF45D13E1}"
EndProject
Project("{FAE04EC0-301F-11D3-BF4B-00C04F79EFBC}") = "Annium.Id.AspNetCore", "src\lib\Annium.Id.AspNetCore\Annium.Id.AspNetCore.csproj", "{F7E13BBF-C2EE-409F-96EB-6F4D5464B6C7}"
EndProject
Project("{FAE04EC0-301F-11D3-BF4B-00C04F79EFBC}") = "Annium.Id.Core", "src\lib\Annium.Id.Core\Annium.Id.Core.csproj", "{E27C516E-A440-42B8-8630-6361163CF409}"
EndProject
Project("{2150E333-8FDC-42A3-9474-1A3956D46DE8}") = "test", "test", "{36D31814-1435-4695-A767-79220E630E31}"
EndProject
Project("{2150E333-8FDC-42A3-9474-1A3956D46DE8}") = "lib", "lib", "{70C9A7A8-D601-4021-A456-CAD4995DB6B3}"
EndProject
Project("{FAE04EC0-301F-11D3-BF4B-00C04F79EFBC}") = "Annium.Id.Core.Tests", "test\lib\Annium.Id.Core.Tests\Annium.Id.Core.Tests.csproj", "{CB31AB3E-46B4-470B-BEC7-99858112E61F}"
EndProject
Project("{2150E333-8FDC-42A3-9474-1A3956D46DE8}") = "api", "api", "{F503E99B-4013-45BA-840D-E46F6E49E7FC}"
EndProject
Project("{FAE04EC0-301F-11D3-BF4B-00C04F79EFBC}") = "Annium.Id.DemoClient", "test\api\Annium.Id.DemoClient\Annium.Id.DemoClient.csproj", "{F9FEB40B-D5A2-462F-BF2C-8680C22910E8}"
EndProject
Project("{FAE04EC0-301F-11D3-BF4B-00C04F79EFBC}") = "Annium.Id.IntegrationTests", "test\api\Annium.Id.IntegrationTests\Annium.Id.IntegrationTests.csproj", "{BE0EAEA5-2D12-4422-B30A-FE1D5AE1BD7F}"
EndProject
Project("{2150E333-8FDC-42A3-9474-1A3956D46DE8}") = "infrastructure", "infrastructure", "{D142578E-4587-4374-B9D4-5EB8F0377EE2}"
EndProject
Project("{FAE04EC0-301F-11D3-BF4B-00C04F79EFBC}") = "Annium.Id.Infrastructure.Db", "src\infrastructure\Annium.Id.Infrastructure.Db\Annium.Id.Infrastructure.Db.csproj", "{D2AA3D5B-D795-4A4A-AD92-13EE9064FB63}"
EndProject
Project("{FAE04EC0-301F-11D3-BF4B-00C04F79EFBC}") = "Annium.Id.Infrastructure.Email", "src\infrastructure\Annium.Id.Infrastructure.Email\Annium.Id.Infrastructure.Email.csproj", "{6BFFA461-0D23-4F58-A3A6-704A4542746D}"
EndProject
Global
	GlobalSection(SolutionConfigurationPlatforms) = preSolution
		Debug|Any CPU = Debug|Any CPU
		Debug|x64 = Debug|x64
		Debug|x86 = Debug|x86
		Release|Any CPU = Release|Any CPU
		Release|x64 = Release|x64
		Release|x86 = Release|x86
	EndGlobalSection
	GlobalSection(SolutionProperties) = preSolution
		HideSolutionNode = FALSE
	EndGlobalSection
	GlobalSection(NestedProjects) = preSolution
		{C3F64548-EA18-49AE-B8CF-4D077A673249} = {3721B9F8-FCFC-4BAF-B833-20E323EDB094}
		{5DB9A2C8-13BE-49FB-9142-639953E54694} = {C3F64548-EA18-49AE-B8CF-4D077A673249}
		{DD12D3AF-1FF0-4AE0-80E6-306513EADA49} = {3721B9F8-FCFC-4BAF-B833-20E323EDB094}
		{B36918CC-1B2B-4275-843D-22DFC822ECE9} = {DD12D3AF-1FF0-4AE0-80E6-306513EADA49}
		{E0B7DC71-25F4-496F-A300-6428D3596F2B} = {DD12D3AF-1FF0-4AE0-80E6-306513EADA49}
		{690FB001-19FD-410F-B16F-8ABCF54B7AC3} = {DD12D3AF-1FF0-4AE0-80E6-306513EADA49}
		{1C6A16F3-D4E4-409E-AD58-03AFF45D13E1} = {3721B9F8-FCFC-4BAF-B833-20E323EDB094}
		{F7E13BBF-C2EE-409F-96EB-6F4D5464B6C7} = {1C6A16F3-D4E4-409E-AD58-03AFF45D13E1}
		{E27C516E-A440-42B8-8630-6361163CF409} = {1C6A16F3-D4E4-409E-AD58-03AFF45D13E1}
		{70C9A7A8-D601-4021-A456-CAD4995DB6B3} = {36D31814-1435-4695-A767-79220E630E31}
		{CB31AB3E-46B4-470B-BEC7-99858112E61F} = {70C9A7A8-D601-4021-A456-CAD4995DB6B3}
		{F503E99B-4013-45BA-840D-E46F6E49E7FC} = {36D31814-1435-4695-A767-79220E630E31}
		{F9FEB40B-D5A2-462F-BF2C-8680C22910E8} = {F503E99B-4013-45BA-840D-E46F6E49E7FC}
		{BE0EAEA5-2D12-4422-B30A-FE1D5AE1BD7F} = {F503E99B-4013-45BA-840D-E46F6E49E7FC}
		{D142578E-4587-4374-B9D4-5EB8F0377EE2} = {3721B9F8-FCFC-4BAF-B833-20E323EDB094}
		{D2AA3D5B-D795-4A4A-AD92-13EE9064FB63} = {D142578E-4587-4374-B9D4-5EB8F0377EE2}
		{6BFFA461-0D23-4F58-A3A6-704A4542746D} = {D142578E-4587-4374-B9D4-5EB8F0377EE2}
	EndGlobalSection
	GlobalSection(ProjectConfigurationPlatforms) = postSolution
		{5DB9A2C8-13BE-49FB-9142-639953E54694}.Debug|Any CPU.ActiveCfg = Debug|Any CPU
		{5DB9A2C8-13BE-49FB-9142-639953E54694}.Debug|Any CPU.Build.0 = Debug|Any CPU
		{5DB9A2C8-13BE-49FB-9142-639953E54694}.Debug|x64.ActiveCfg = Debug|Any CPU
		{5DB9A2C8-13BE-49FB-9142-639953E54694}.Debug|x64.Build.0 = Debug|Any CPU
		{5DB9A2C8-13BE-49FB-9142-639953E54694}.Debug|x86.ActiveCfg = Debug|Any CPU
		{5DB9A2C8-13BE-49FB-9142-639953E54694}.Debug|x86.Build.0 = Debug|Any CPU
		{5DB9A2C8-13BE-49FB-9142-639953E54694}.Release|Any CPU.ActiveCfg = Release|Any CPU
		{5DB9A2C8-13BE-49FB-9142-639953E54694}.Release|Any CPU.Build.0 = Release|Any CPU
		{5DB9A2C8-13BE-49FB-9142-639953E54694}.Release|x64.ActiveCfg = Release|Any CPU
		{5DB9A2C8-13BE-49FB-9142-639953E54694}.Release|x64.Build.0 = Release|Any CPU
		{5DB9A2C8-13BE-49FB-9142-639953E54694}.Release|x86.ActiveCfg = Release|Any CPU
		{5DB9A2C8-13BE-49FB-9142-639953E54694}.Release|x86.Build.0 = Release|Any CPU
		{B36918CC-1B2B-4275-843D-22DFC822ECE9}.Debug|Any CPU.ActiveCfg = Debug|Any CPU
		{B36918CC-1B2B-4275-843D-22DFC822ECE9}.Debug|Any CPU.Build.0 = Debug|Any CPU
		{B36918CC-1B2B-4275-843D-22DFC822ECE9}.Debug|x64.ActiveCfg = Debug|Any CPU
		{B36918CC-1B2B-4275-843D-22DFC822ECE9}.Debug|x64.Build.0 = Debug|Any CPU
		{B36918CC-1B2B-4275-843D-22DFC822ECE9}.Debug|x86.ActiveCfg = Debug|Any CPU
		{B36918CC-1B2B-4275-843D-22DFC822ECE9}.Debug|x86.Build.0 = Debug|Any CPU
		{B36918CC-1B2B-4275-843D-22DFC822ECE9}.Release|Any CPU.ActiveCfg = Release|Any CPU
		{B36918CC-1B2B-4275-843D-22DFC822ECE9}.Release|Any CPU.Build.0 = Release|Any CPU
		{B36918CC-1B2B-4275-843D-22DFC822ECE9}.Release|x64.ActiveCfg = Release|Any CPU
		{B36918CC-1B2B-4275-843D-22DFC822ECE9}.Release|x64.Build.0 = Release|Any CPU
		{B36918CC-1B2B-4275-843D-22DFC822ECE9}.Release|x86.ActiveCfg = Release|Any CPU
		{B36918CC-1B2B-4275-843D-22DFC822ECE9}.Release|x86.Build.0 = Release|Any CPU
		{E0B7DC71-25F4-496F-A300-6428D3596F2B}.Debug|Any CPU.ActiveCfg = Debug|Any CPU
		{E0B7DC71-25F4-496F-A300-6428D3596F2B}.Debug|Any CPU.Build.0 = Debug|Any CPU
		{E0B7DC71-25F4-496F-A300-6428D3596F2B}.Debug|x64.ActiveCfg = Debug|Any CPU
		{E0B7DC71-25F4-496F-A300-6428D3596F2B}.Debug|x64.Build.0 = Debug|Any CPU
		{E0B7DC71-25F4-496F-A300-6428D3596F2B}.Debug|x86.ActiveCfg = Debug|Any CPU
		{E0B7DC71-25F4-496F-A300-6428D3596F2B}.Debug|x86.Build.0 = Debug|Any CPU
		{E0B7DC71-25F4-496F-A300-6428D3596F2B}.Release|Any CPU.ActiveCfg = Release|Any CPU
		{E0B7DC71-25F4-496F-A300-6428D3596F2B}.Release|Any CPU.Build.0 = Release|Any CPU
		{E0B7DC71-25F4-496F-A300-6428D3596F2B}.Release|x64.ActiveCfg = Release|Any CPU
		{E0B7DC71-25F4-496F-A300-6428D3596F2B}.Release|x64.Build.0 = Release|Any CPU
		{E0B7DC71-25F4-496F-A300-6428D3596F2B}.Release|x86.ActiveCfg = Release|Any CPU
		{E0B7DC71-25F4-496F-A300-6428D3596F2B}.Release|x86.Build.0 = Release|Any CPU
		{690FB001-19FD-410F-B16F-8ABCF54B7AC3}.Debug|Any CPU.ActiveCfg = Debug|Any CPU
		{690FB001-19FD-410F-B16F-8ABCF54B7AC3}.Debug|Any CPU.Build.0 = Debug|Any CPU
		{690FB001-19FD-410F-B16F-8ABCF54B7AC3}.Debug|x64.ActiveCfg = Debug|Any CPU
		{690FB001-19FD-410F-B16F-8ABCF54B7AC3}.Debug|x64.Build.0 = Debug|Any CPU
		{690FB001-19FD-410F-B16F-8ABCF54B7AC3}.Debug|x86.ActiveCfg = Debug|Any CPU
		{690FB001-19FD-410F-B16F-8ABCF54B7AC3}.Debug|x86.Build.0 = Debug|Any CPU
		{690FB001-19FD-410F-B16F-8ABCF54B7AC3}.Release|Any CPU.ActiveCfg = Release|Any CPU
		{690FB001-19FD-410F-B16F-8ABCF54B7AC3}.Release|Any CPU.Build.0 = Release|Any CPU
		{690FB001-19FD-410F-B16F-8ABCF54B7AC3}.Release|x64.ActiveCfg = Release|Any CPU
		{690FB001-19FD-410F-B16F-8ABCF54B7AC3}.Release|x64.Build.0 = Release|Any CPU
		{690FB001-19FD-410F-B16F-8ABCF54B7AC3}.Release|x86.ActiveCfg = Release|Any CPU
		{690FB001-19FD-410F-B16F-8ABCF54B7AC3}.Release|x86.Build.0 = Release|Any CPU
		{F7E13BBF-C2EE-409F-96EB-6F4D5464B6C7}.Debug|Any CPU.ActiveCfg = Debug|Any CPU
		{F7E13BBF-C2EE-409F-96EB-6F4D5464B6C7}.Debug|Any CPU.Build.0 = Debug|Any CPU
		{F7E13BBF-C2EE-409F-96EB-6F4D5464B6C7}.Debug|x64.ActiveCfg = Debug|Any CPU
		{F7E13BBF-C2EE-409F-96EB-6F4D5464B6C7}.Debug|x64.Build.0 = Debug|Any CPU
		{F7E13BBF-C2EE-409F-96EB-6F4D5464B6C7}.Debug|x86.ActiveCfg = Debug|Any CPU
		{F7E13BBF-C2EE-409F-96EB-6F4D5464B6C7}.Debug|x86.Build.0 = Debug|Any CPU
		{F7E13BBF-C2EE-409F-96EB-6F4D5464B6C7}.Release|Any CPU.ActiveCfg = Release|Any CPU
		{F7E13BBF-C2EE-409F-96EB-6F4D5464B6C7}.Release|Any CPU.Build.0 = Release|Any CPU
		{F7E13BBF-C2EE-409F-96EB-6F4D5464B6C7}.Release|x64.ActiveCfg = Release|Any CPU
		{F7E13BBF-C2EE-409F-96EB-6F4D5464B6C7}.Release|x64.Build.0 = Release|Any CPU
		{F7E13BBF-C2EE-409F-96EB-6F4D5464B6C7}.Release|x86.ActiveCfg = Release|Any CPU
		{F7E13BBF-C2EE-409F-96EB-6F4D5464B6C7}.Release|x86.Build.0 = Release|Any CPU
		{E27C516E-A440-42B8-8630-6361163CF409}.Debug|Any CPU.ActiveCfg = Debug|Any CPU
		{E27C516E-A440-42B8-8630-6361163CF409}.Debug|Any CPU.Build.0 = Debug|Any CPU
		{E27C516E-A440-42B8-8630-6361163CF409}.Debug|x64.ActiveCfg = Debug|Any CPU
		{E27C516E-A440-42B8-8630-6361163CF409}.Debug|x64.Build.0 = Debug|Any CPU
		{E27C516E-A440-42B8-8630-6361163CF409}.Debug|x86.ActiveCfg = Debug|Any CPU
		{E27C516E-A440-42B8-8630-6361163CF409}.Debug|x86.Build.0 = Debug|Any CPU
		{E27C516E-A440-42B8-8630-6361163CF409}.Release|Any CPU.ActiveCfg = Release|Any CPU
		{E27C516E-A440-42B8-8630-6361163CF409}.Release|Any CPU.Build.0 = Release|Any CPU
		{E27C516E-A440-42B8-8630-6361163CF409}.Release|x64.ActiveCfg = Release|Any CPU
		{E27C516E-A440-42B8-8630-6361163CF409}.Release|x64.Build.0 = Release|Any CPU
		{E27C516E-A440-42B8-8630-6361163CF409}.Release|x86.ActiveCfg = Release|Any CPU
		{E27C516E-A440-42B8-8630-6361163CF409}.Release|x86.Build.0 = Release|Any CPU
		{CB31AB3E-46B4-470B-BEC7-99858112E61F}.Debug|Any CPU.ActiveCfg = Debug|Any CPU
		{CB31AB3E-46B4-470B-BEC7-99858112E61F}.Debug|Any CPU.Build.0 = Debug|Any CPU
		{CB31AB3E-46B4-470B-BEC7-99858112E61F}.Debug|x64.ActiveCfg = Debug|Any CPU
		{CB31AB3E-46B4-470B-BEC7-99858112E61F}.Debug|x64.Build.0 = Debug|Any CPU
		{CB31AB3E-46B4-470B-BEC7-99858112E61F}.Debug|x86.ActiveCfg = Debug|Any CPU
		{CB31AB3E-46B4-470B-BEC7-99858112E61F}.Debug|x86.Build.0 = Debug|Any CPU
		{CB31AB3E-46B4-470B-BEC7-99858112E61F}.Release|Any CPU.ActiveCfg = Release|Any CPU
		{CB31AB3E-46B4-470B-BEC7-99858112E61F}.Release|Any CPU.Build.0 = Release|Any CPU
		{CB31AB3E-46B4-470B-BEC7-99858112E61F}.Release|x64.ActiveCfg = Release|Any CPU
		{CB31AB3E-46B4-470B-BEC7-99858112E61F}.Release|x64.Build.0 = Release|Any CPU
		{CB31AB3E-46B4-470B-BEC7-99858112E61F}.Release|x86.ActiveCfg = Release|Any CPU
		{CB31AB3E-46B4-470B-BEC7-99858112E61F}.Release|x86.Build.0 = Release|Any CPU
		{F9FEB40B-D5A2-462F-BF2C-8680C22910E8}.Debug|Any CPU.ActiveCfg = Debug|Any CPU
		{F9FEB40B-D5A2-462F-BF2C-8680C22910E8}.Debug|Any CPU.Build.0 = Debug|Any CPU
		{F9FEB40B-D5A2-462F-BF2C-8680C22910E8}.Debug|x64.ActiveCfg = Debug|Any CPU
		{F9FEB40B-D5A2-462F-BF2C-8680C22910E8}.Debug|x64.Build.0 = Debug|Any CPU
		{F9FEB40B-D5A2-462F-BF2C-8680C22910E8}.Debug|x86.ActiveCfg = Debug|Any CPU
		{F9FEB40B-D5A2-462F-BF2C-8680C22910E8}.Debug|x86.Build.0 = Debug|Any CPU
		{F9FEB40B-D5A2-462F-BF2C-8680C22910E8}.Release|Any CPU.ActiveCfg = Release|Any CPU
		{F9FEB40B-D5A2-462F-BF2C-8680C22910E8}.Release|Any CPU.Build.0 = Release|Any CPU
		{F9FEB40B-D5A2-462F-BF2C-8680C22910E8}.Release|x64.ActiveCfg = Release|Any CPU
		{F9FEB40B-D5A2-462F-BF2C-8680C22910E8}.Release|x64.Build.0 = Release|Any CPU
		{F9FEB40B-D5A2-462F-BF2C-8680C22910E8}.Release|x86.ActiveCfg = Release|Any CPU
		{F9FEB40B-D5A2-462F-BF2C-8680C22910E8}.Release|x86.Build.0 = Release|Any CPU
		{BE0EAEA5-2D12-4422-B30A-FE1D5AE1BD7F}.Debug|Any CPU.ActiveCfg = Debug|Any CPU
		{BE0EAEA5-2D12-4422-B30A-FE1D5AE1BD7F}.Debug|Any CPU.Build.0 = Debug|Any CPU
		{BE0EAEA5-2D12-4422-B30A-FE1D5AE1BD7F}.Debug|x64.ActiveCfg = Debug|Any CPU
		{BE0EAEA5-2D12-4422-B30A-FE1D5AE1BD7F}.Debug|x64.Build.0 = Debug|Any CPU
		{BE0EAEA5-2D12-4422-B30A-FE1D5AE1BD7F}.Debug|x86.ActiveCfg = Debug|Any CPU
		{BE0EAEA5-2D12-4422-B30A-FE1D5AE1BD7F}.Debug|x86.Build.0 = Debug|Any CPU
		{BE0EAEA5-2D12-4422-B30A-FE1D5AE1BD7F}.Release|Any CPU.ActiveCfg = Release|Any CPU
		{BE0EAEA5-2D12-4422-B30A-FE1D5AE1BD7F}.Release|Any CPU.Build.0 = Release|Any CPU
		{BE0EAEA5-2D12-4422-B30A-FE1D5AE1BD7F}.Release|x64.ActiveCfg = Release|Any CPU
		{BE0EAEA5-2D12-4422-B30A-FE1D5AE1BD7F}.Release|x64.Build.0 = Release|Any CPU
		{BE0EAEA5-2D12-4422-B30A-FE1D5AE1BD7F}.Release|x86.ActiveCfg = Release|Any CPU
		{BE0EAEA5-2D12-4422-B30A-FE1D5AE1BD7F}.Release|x86.Build.0 = Release|Any CPU
		{D2AA3D5B-D795-4A4A-AD92-13EE9064FB63}.Debug|Any CPU.ActiveCfg = Debug|Any CPU
		{D2AA3D5B-D795-4A4A-AD92-13EE9064FB63}.Debug|Any CPU.Build.0 = Debug|Any CPU
		{D2AA3D5B-D795-4A4A-AD92-13EE9064FB63}.Debug|x64.ActiveCfg = Debug|Any CPU
		{D2AA3D5B-D795-4A4A-AD92-13EE9064FB63}.Debug|x64.Build.0 = Debug|Any CPU
		{D2AA3D5B-D795-4A4A-AD92-13EE9064FB63}.Debug|x86.ActiveCfg = Debug|Any CPU
		{D2AA3D5B-D795-4A4A-AD92-13EE9064FB63}.Debug|x86.Build.0 = Debug|Any CPU
		{D2AA3D5B-D795-4A4A-AD92-13EE9064FB63}.Release|Any CPU.ActiveCfg = Release|Any CPU
		{D2AA3D5B-D795-4A4A-AD92-13EE9064FB63}.Release|Any CPU.Build.0 = Release|Any CPU
		{D2AA3D5B-D795-4A4A-AD92-13EE9064FB63}.Release|x64.ActiveCfg = Release|Any CPU
		{D2AA3D5B-D795-4A4A-AD92-13EE9064FB63}.Release|x64.Build.0 = Release|Any CPU
		{D2AA3D5B-D795-4A4A-AD92-13EE9064FB63}.Release|x86.ActiveCfg = Release|Any CPU
		{D2AA3D5B-D795-4A4A-AD92-13EE9064FB63}.Release|x86.Build.0 = Release|Any CPU
		{6BFFA461-0D23-4F58-A3A6-704A4542746D}.Debug|Any CPU.ActiveCfg = Debug|Any CPU
		{6BFFA461-0D23-4F58-A3A6-704A4542746D}.Debug|Any CPU.Build.0 = Debug|Any CPU
		{6BFFA461-0D23-4F58-A3A6-704A4542746D}.Debug|x64.ActiveCfg = Debug|Any CPU
		{6BFFA461-0D23-4F58-A3A6-704A4542746D}.Debug|x64.Build.0 = Debug|Any CPU
		{6BFFA461-0D23-4F58-A3A6-704A4542746D}.Debug|x86.ActiveCfg = Debug|Any CPU
		{6BFFA461-0D23-4F58-A3A6-704A4542746D}.Debug|x86.Build.0 = Debug|Any CPU
		{6BFFA461-0D23-4F58-A3A6-704A4542746D}.Release|Any CPU.ActiveCfg = Release|Any CPU
		{6BFFA461-0D23-4F58-A3A6-704A4542746D}.Release|Any CPU.Build.0 = Release|Any CPU
		{6BFFA461-0D23-4F58-A3A6-704A4542746D}.Release|x64.ActiveCfg = Release|Any CPU
		{6BFFA461-0D23-4F58-A3A6-704A4542746D}.Release|x64.Build.0 = Release|Any CPU
		{6BFFA461-0D23-4F58-A3A6-704A4542746D}.Release|x86.ActiveCfg = Release|Any CPU
		{6BFFA461-0D23-4F58-A3A6-704A4542746D}.Release|x86.Build.0 = Release|Any CPU
	EndGlobalSection
EndGlobal
