
Microsoft Visual Studio Solution File, Format Version 12.00
# Visual Studio 15
VisualStudioVersion = 15.0.26124.0
MinimumVisualStudioVersion = 15.0.26124.0
Project("{2150E333-8FDC-42A3-9474-1A3956D46DE8}") = "src", "src", "{3721B9F8-FCFC-4BAF-B833-20E323EDB094}"
EndProject
Project("{2150E333-8FDC-42A3-9474-1A3956D46DE8}") = "test", "test", "{3CD6FFCB-89BF-4703-9002-29330B14D0BD}"
EndProject
Project("{FAE04EC0-301F-11D3-BF4B-00C04F79EFBC}") = "Annium.Id.Api", "src\Annium.Id.Api\Annium.Id.Api.csproj", "{9E98553B-DB25-4523-A8FE-3898BA99344D}"
EndProject
Project("{FAE04EC0-301F-11D3-BF4B-00C04F79EFBC}") = "Annium.Id.Application", "src\Annium.Id.Application\Annium.Id.Application.csproj", "{A6D3EAB3-FE7D-475F-9D3B-649B1487045F}"
EndProject
Project("{FAE04EC0-301F-11D3-BF4B-00C04F79EFBC}") = "Annium.Id.Apps.AspNetCore", "src\Annium.Id.Apps.AspNetCore\Annium.Id.Apps.AspNetCore.csproj", "{59B2B55D-1058-430B-97CE-982BE6F582B8}"
EndProject
Project("{FAE04EC0-301F-11D3-BF4B-00C04F79EFBC}") = "Annium.Id.AspNetCore", "src\Annium.Id.AspNetCore\Annium.Id.AspNetCore.csproj", "{48808451-080C-41AC-A46E-480B1094DCBF}"
EndProject
Project("{FAE04EC0-301F-11D3-BF4B-00C04F79EFBC}") = "Annium.Id.Core", "src\Annium.Id.Core\Annium.Id.Core.csproj", "{2AA14EC7-27BB-4CD0-94F3-ED4E4CA3E4D3}"
EndProject
Project("{FAE04EC0-301F-11D3-BF4B-00C04F79EFBC}") = "Annium.Id.Db", "src\Annium.Id.Db\Annium.Id.Db.csproj", "{BDB2CB4D-340C-416F-91DC-0655CB796689}"
EndProject
Project("{FAE04EC0-301F-11D3-BF4B-00C04F79EFBC}") = "Annium.Id.Domain", "src\Annium.Id.Domain\Annium.Id.Domain.csproj", "{26A28B3D-E23E-494B-9D5D-AC81458B354C}"
EndProject
Project("{FAE04EC0-301F-11D3-BF4B-00C04F79EFBC}") = "Annium.Id.ViewModels", "src\Annium.Id.ViewModels\Annium.Id.ViewModels.csproj", "{437E21D2-0784-4D6B-8F3C-B329827EE2AC}"
EndProject
Project("{FAE04EC0-301F-11D3-BF4B-00C04F79EFBC}") = "Annium.Id.DemoClient", "test\Annium.Id.DemoClient\Annium.Id.DemoClient.csproj", "{6099F596-0299-4EEC-B113-F9DF63F7D11C}"
EndProject
Project("{FAE04EC0-301F-11D3-BF4B-00C04F79EFBC}") = "Annium.Id.IntegrationTests", "test\Annium.Id.IntegrationTests\Annium.Id.IntegrationTests.csproj", "{1A64FD23-343A-42D6-872D-4234AD55CB6F}"
EndProject
Global
	GlobalSection(SolutionConfigurationPlatforms) = preSolution
		Debug|Any CPU = Debug|Any CPU
		Debug|x64 = Debug|x64
		Debug|x86 = Debug|x86
		Release|Any CPU = Release|Any CPU
		Release|x64 = Release|x64
		Release|x86 = Release|x86
	EndGlobalSection
	GlobalSection(SolutionProperties) = preSolution
		HideSolutionNode = FALSE
	EndGlobalSection
	GlobalSection(NestedProjects) = preSolution
		{9E98553B-DB25-4523-A8FE-3898BA99344D} = {3721B9F8-FCFC-4BAF-B833-20E323EDB094}
		{A6D3EAB3-FE7D-475F-9D3B-649B1487045F} = {3721B9F8-FCFC-4BAF-B833-20E323EDB094}
		{59B2B55D-1058-430B-97CE-982BE6F582B8} = {3721B9F8-FCFC-4BAF-B833-20E323EDB094}
		{48808451-080C-41AC-A46E-480B1094DCBF} = {3721B9F8-FCFC-4BAF-B833-20E323EDB094}
		{2AA14EC7-27BB-4CD0-94F3-ED4E4CA3E4D3} = {3721B9F8-FCFC-4BAF-B833-20E323EDB094}
		{BDB2CB4D-340C-416F-91DC-0655CB796689} = {3721B9F8-FCFC-4BAF-B833-20E323EDB094}
		{26A28B3D-E23E-494B-9D5D-AC81458B354C} = {3721B9F8-FCFC-4BAF-B833-20E323EDB094}
		{437E21D2-0784-4D6B-8F3C-B329827EE2AC} = {3721B9F8-FCFC-4BAF-B833-20E323EDB094}
		{6099F596-0299-4EEC-B113-F9DF63F7D11C} = {3CD6FFCB-89BF-4703-9002-29330B14D0BD}
		{1A64FD23-343A-42D6-872D-4234AD55CB6F} = {3CD6FFCB-89BF-4703-9002-29330B14D0BD}
	EndGlobalSection
	GlobalSection(ProjectConfigurationPlatforms) = postSolution
		{9E98553B-DB25-4523-A8FE-3898BA99344D}.Debug|Any CPU.ActiveCfg = Debug|Any CPU
		{9E98553B-DB25-4523-A8FE-3898BA99344D}.Debug|Any CPU.Build.0 = Debug|Any CPU
		{9E98553B-DB25-4523-A8FE-3898BA99344D}.Debug|x64.ActiveCfg = Debug|Any CPU
		{9E98553B-DB25-4523-A8FE-3898BA99344D}.Debug|x64.Build.0 = Debug|Any CPU
		{9E98553B-DB25-4523-A8FE-3898BA99344D}.Debug|x86.ActiveCfg = Debug|Any CPU
		{9E98553B-DB25-4523-A8FE-3898BA99344D}.Debug|x86.Build.0 = Debug|Any CPU
		{9E98553B-DB25-4523-A8FE-3898BA99344D}.Release|Any CPU.ActiveCfg = Release|Any CPU
		{9E98553B-DB25-4523-A8FE-3898BA99344D}.Release|Any CPU.Build.0 = Release|Any CPU
		{9E98553B-DB25-4523-A8FE-3898BA99344D}.Release|x64.ActiveCfg = Release|Any CPU
		{9E98553B-DB25-4523-A8FE-3898BA99344D}.Release|x64.Build.0 = Release|Any CPU
		{9E98553B-DB25-4523-A8FE-3898BA99344D}.Release|x86.ActiveCfg = Release|Any CPU
		{9E98553B-DB25-4523-A8FE-3898BA99344D}.Release|x86.Build.0 = Release|Any CPU
		{A6D3EAB3-FE7D-475F-9D3B-649B1487045F}.Debug|Any CPU.ActiveCfg = Debug|Any CPU
		{A6D3EAB3-FE7D-475F-9D3B-649B1487045F}.Debug|Any CPU.Build.0 = Debug|Any CPU
		{A6D3EAB3-FE7D-475F-9D3B-649B1487045F}.Debug|x64.ActiveCfg = Debug|Any CPU
		{A6D3EAB3-FE7D-475F-9D3B-649B1487045F}.Debug|x64.Build.0 = Debug|Any CPU
		{A6D3EAB3-FE7D-475F-9D3B-649B1487045F}.Debug|x86.ActiveCfg = Debug|Any CPU
		{A6D3EAB3-FE7D-475F-9D3B-649B1487045F}.Debug|x86.Build.0 = Debug|Any CPU
		{A6D3EAB3-FE7D-475F-9D3B-649B1487045F}.Release|Any CPU.ActiveCfg = Release|Any CPU
		{A6D3EAB3-FE7D-475F-9D3B-649B1487045F}.Release|Any CPU.Build.0 = Release|Any CPU
		{A6D3EAB3-FE7D-475F-9D3B-649B1487045F}.Release|x64.ActiveCfg = Release|Any CPU
		{A6D3EAB3-FE7D-475F-9D3B-649B1487045F}.Release|x64.Build.0 = Release|Any CPU
		{A6D3EAB3-FE7D-475F-9D3B-649B1487045F}.Release|x86.ActiveCfg = Release|Any CPU
		{A6D3EAB3-FE7D-475F-9D3B-649B1487045F}.Release|x86.Build.0 = Release|Any CPU
		{59B2B55D-1058-430B-97CE-982BE6F582B8}.Debug|Any CPU.ActiveCfg = Debug|Any CPU
		{59B2B55D-1058-430B-97CE-982BE6F582B8}.Debug|Any CPU.Build.0 = Debug|Any CPU
		{59B2B55D-1058-430B-97CE-982BE6F582B8}.Debug|x64.ActiveCfg = Debug|Any CPU
		{59B2B55D-1058-430B-97CE-982BE6F582B8}.Debug|x64.Build.0 = Debug|Any CPU
		{59B2B55D-1058-430B-97CE-982BE6F582B8}.Debug|x86.ActiveCfg = Debug|Any CPU
		{59B2B55D-1058-430B-97CE-982BE6F582B8}.Debug|x86.Build.0 = Debug|Any CPU
		{59B2B55D-1058-430B-97CE-982BE6F582B8}.Release|Any CPU.ActiveCfg = Release|Any CPU
		{59B2B55D-1058-430B-97CE-982BE6F582B8}.Release|Any CPU.Build.0 = Release|Any CPU
		{59B2B55D-1058-430B-97CE-982BE6F582B8}.Release|x64.ActiveCfg = Release|Any CPU
		{59B2B55D-1058-430B-97CE-982BE6F582B8}.Release|x64.Build.0 = Release|Any CPU
		{59B2B55D-1058-430B-97CE-982BE6F582B8}.Release|x86.ActiveCfg = Release|Any CPU
		{59B2B55D-1058-430B-97CE-982BE6F582B8}.Release|x86.Build.0 = Release|Any CPU
		{48808451-080C-41AC-A46E-480B1094DCBF}.Debug|Any CPU.ActiveCfg = Debug|Any CPU
		{48808451-080C-41AC-A46E-480B1094DCBF}.Debug|Any CPU.Build.0 = Debug|Any CPU
		{48808451-080C-41AC-A46E-480B1094DCBF}.Debug|x64.ActiveCfg = Debug|Any CPU
		{48808451-080C-41AC-A46E-480B1094DCBF}.Debug|x64.Build.0 = Debug|Any CPU
		{48808451-080C-41AC-A46E-480B1094DCBF}.Debug|x86.ActiveCfg = Debug|Any CPU
		{48808451-080C-41AC-A46E-480B1094DCBF}.Debug|x86.Build.0 = Debug|Any CPU
		{48808451-080C-41AC-A46E-480B1094DCBF}.Release|Any CPU.ActiveCfg = Release|Any CPU
		{48808451-080C-41AC-A46E-480B1094DCBF}.Release|Any CPU.Build.0 = Release|Any CPU
		{48808451-080C-41AC-A46E-480B1094DCBF}.Release|x64.ActiveCfg = Release|Any CPU
		{48808451-080C-41AC-A46E-480B1094DCBF}.Release|x64.Build.0 = Release|Any CPU
		{48808451-080C-41AC-A46E-480B1094DCBF}.Release|x86.ActiveCfg = Release|Any CPU
		{48808451-080C-41AC-A46E-480B1094DCBF}.Release|x86.Build.0 = Release|Any CPU
		{2AA14EC7-27BB-4CD0-94F3-ED4E4CA3E4D3}.Debug|Any CPU.ActiveCfg = Debug|Any CPU
		{2AA14EC7-27BB-4CD0-94F3-ED4E4CA3E4D3}.Debug|Any CPU.Build.0 = Debug|Any CPU
		{2AA14EC7-27BB-4CD0-94F3-ED4E4CA3E4D3}.Debug|x64.ActiveCfg = Debug|Any CPU
		{2AA14EC7-27BB-4CD0-94F3-ED4E4CA3E4D3}.Debug|x64.Build.0 = Debug|Any CPU
		{2AA14EC7-27BB-4CD0-94F3-ED4E4CA3E4D3}.Debug|x86.ActiveCfg = Debug|Any CPU
		{2AA14EC7-27BB-4CD0-94F3-ED4E4CA3E4D3}.Debug|x86.Build.0 = Debug|Any CPU
		{2AA14EC7-27BB-4CD0-94F3-ED4E4CA3E4D3}.Release|Any CPU.ActiveCfg = Release|Any CPU
		{2AA14EC7-27BB-4CD0-94F3-ED4E4CA3E4D3}.Release|Any CPU.Build.0 = Release|Any CPU
		{2AA14EC7-27BB-4CD0-94F3-ED4E4CA3E4D3}.Release|x64.ActiveCfg = Release|Any CPU
		{2AA14EC7-27BB-4CD0-94F3-ED4E4CA3E4D3}.Release|x64.Build.0 = Release|Any CPU
		{2AA14EC7-27BB-4CD0-94F3-ED4E4CA3E4D3}.Release|x86.ActiveCfg = Release|Any CPU
		{2AA14EC7-27BB-4CD0-94F3-ED4E4CA3E4D3}.Release|x86.Build.0 = Release|Any CPU
		{BDB2CB4D-340C-416F-91DC-0655CB796689}.Debug|Any CPU.ActiveCfg = Debug|Any CPU
		{BDB2CB4D-340C-416F-91DC-0655CB796689}.Debug|Any CPU.Build.0 = Debug|Any CPU
		{BDB2CB4D-340C-416F-91DC-0655CB796689}.Debug|x64.ActiveCfg = Debug|Any CPU
		{BDB2CB4D-340C-416F-91DC-0655CB796689}.Debug|x64.Build.0 = Debug|Any CPU
		{BDB2CB4D-340C-416F-91DC-0655CB796689}.Debug|x86.ActiveCfg = Debug|Any CPU
		{BDB2CB4D-340C-416F-91DC-0655CB796689}.Debug|x86.Build.0 = Debug|Any CPU
		{BDB2CB4D-340C-416F-91DC-0655CB796689}.Release|Any CPU.ActiveCfg = Release|Any CPU
		{BDB2CB4D-340C-416F-91DC-0655CB796689}.Release|Any CPU.Build.0 = Release|Any CPU
		{BDB2CB4D-340C-416F-91DC-0655CB796689}.Release|x64.ActiveCfg = Release|Any CPU
		{BDB2CB4D-340C-416F-91DC-0655CB796689}.Release|x64.Build.0 = Release|Any CPU
		{BDB2CB4D-340C-416F-91DC-0655CB796689}.Release|x86.ActiveCfg = Release|Any CPU
		{BDB2CB4D-340C-416F-91DC-0655CB796689}.Release|x86.Build.0 = Release|Any CPU
		{26A28B3D-E23E-494B-9D5D-AC81458B354C}.Debug|Any CPU.ActiveCfg = Debug|Any CPU
		{26A28B3D-E23E-494B-9D5D-AC81458B354C}.Debug|Any CPU.Build.0 = Debug|Any CPU
		{26A28B3D-E23E-494B-9D5D-AC81458B354C}.Debug|x64.ActiveCfg = Debug|Any CPU
		{26A28B3D-E23E-494B-9D5D-AC81458B354C}.Debug|x64.Build.0 = Debug|Any CPU
		{26A28B3D-E23E-494B-9D5D-AC81458B354C}.Debug|x86.ActiveCfg = Debug|Any CPU
		{26A28B3D-E23E-494B-9D5D-AC81458B354C}.Debug|x86.Build.0 = Debug|Any CPU
		{26A28B3D-E23E-494B-9D5D-AC81458B354C}.Release|Any CPU.ActiveCfg = Release|Any CPU
		{26A28B3D-E23E-494B-9D5D-AC81458B354C}.Release|Any CPU.Build.0 = Release|Any CPU
		{26A28B3D-E23E-494B-9D5D-AC81458B354C}.Release|x64.ActiveCfg = Release|Any CPU
		{26A28B3D-E23E-494B-9D5D-AC81458B354C}.Release|x64.Build.0 = Release|Any CPU
		{26A28B3D-E23E-494B-9D5D-AC81458B354C}.Release|x86.ActiveCfg = Release|Any CPU
		{26A28B3D-E23E-494B-9D5D-AC81458B354C}.Release|x86.Build.0 = Release|Any CPU
		{437E21D2-0784-4D6B-8F3C-B329827EE2AC}.Debug|Any CPU.ActiveCfg = Debug|Any CPU
		{437E21D2-0784-4D6B-8F3C-B329827EE2AC}.Debug|Any CPU.Build.0 = Debug|Any CPU
		{437E21D2-0784-4D6B-8F3C-B329827EE2AC}.Debug|x64.ActiveCfg = Debug|Any CPU
		{437E21D2-0784-4D6B-8F3C-B329827EE2AC}.Debug|x64.Build.0 = Debug|Any CPU
		{437E21D2-0784-4D6B-8F3C-B329827EE2AC}.Debug|x86.ActiveCfg = Debug|Any CPU
		{437E21D2-0784-4D6B-8F3C-B329827EE2AC}.Debug|x86.Build.0 = Debug|Any CPU
		{437E21D2-0784-4D6B-8F3C-B329827EE2AC}.Release|Any CPU.ActiveCfg = Release|Any CPU
		{437E21D2-0784-4D6B-8F3C-B329827EE2AC}.Release|Any CPU.Build.0 = Release|Any CPU
		{437E21D2-0784-4D6B-8F3C-B329827EE2AC}.Release|x64.ActiveCfg = Release|Any CPU
		{437E21D2-0784-4D6B-8F3C-B329827EE2AC}.Release|x64.Build.0 = Release|Any CPU
		{437E21D2-0784-4D6B-8F3C-B329827EE2AC}.Release|x86.ActiveCfg = Release|Any CPU
		{437E21D2-0784-4D6B-8F3C-B329827EE2AC}.Release|x86.Build.0 = Release|Any CPU
		{6099F596-0299-4EEC-B113-F9DF63F7D11C}.Debug|Any CPU.ActiveCfg = Debug|Any CPU
		{6099F596-0299-4EEC-B113-F9DF63F7D11C}.Debug|Any CPU.Build.0 = Debug|Any CPU
		{6099F596-0299-4EEC-B113-F9DF63F7D11C}.Debug|x64.ActiveCfg = Debug|Any CPU
		{6099F596-0299-4EEC-B113-F9DF63F7D11C}.Debug|x64.Build.0 = Debug|Any CPU
		{6099F596-0299-4EEC-B113-F9DF63F7D11C}.Debug|x86.ActiveCfg = Debug|Any CPU
		{6099F596-0299-4EEC-B113-F9DF63F7D11C}.Debug|x86.Build.0 = Debug|Any CPU
		{6099F596-0299-4EEC-B113-F9DF63F7D11C}.Release|Any CPU.ActiveCfg = Release|Any CPU
		{6099F596-0299-4EEC-B113-F9DF63F7D11C}.Release|Any CPU.Build.0 = Release|Any CPU
		{6099F596-0299-4EEC-B113-F9DF63F7D11C}.Release|x64.ActiveCfg = Release|Any CPU
		{6099F596-0299-4EEC-B113-F9DF63F7D11C}.Release|x64.Build.0 = Release|Any CPU
		{6099F596-0299-4EEC-B113-F9DF63F7D11C}.Release|x86.ActiveCfg = Release|Any CPU
		{6099F596-0299-4EEC-B113-F9DF63F7D11C}.Release|x86.Build.0 = Release|Any CPU
		{1A64FD23-343A-42D6-872D-4234AD55CB6F}.Debug|Any CPU.ActiveCfg = Debug|Any CPU
		{1A64FD23-343A-42D6-872D-4234AD55CB6F}.Debug|Any CPU.Build.0 = Debug|Any CPU
		{1A64FD23-343A-42D6-872D-4234AD55CB6F}.Debug|x64.ActiveCfg = Debug|Any CPU
		{1A64FD23-343A-42D6-872D-4234AD55CB6F}.Debug|x64.Build.0 = Debug|Any CPU
		{1A64FD23-343A-42D6-872D-4234AD55CB6F}.Debug|x86.ActiveCfg = Debug|Any CPU
		{1A64FD23-343A-42D6-872D-4234AD55CB6F}.Debug|x86.Build.0 = Debug|Any CPU
		{1A64FD23-343A-42D6-872D-4234AD55CB6F}.Release|Any CPU.ActiveCfg = Release|Any CPU
		{1A64FD23-343A-42D6-872D-4234AD55CB6F}.Release|Any CPU.Build.0 = Release|Any CPU
		{1A64FD23-343A-42D6-872D-4234AD55CB6F}.Release|x64.ActiveCfg = Release|Any CPU
		{1A64FD23-343A-42D6-872D-4234AD55CB6F}.Release|x64.Build.0 = Release|Any CPU
		{1A64FD23-343A-42D6-872D-4234AD55CB6F}.Release|x86.ActiveCfg = Release|Any CPU
		{1A64FD23-343A-42D6-872D-4234AD55CB6F}.Release|x86.Build.0 = Release|Any CPU
	EndGlobalSection
EndGlobal
