
Microsoft Visual Studio Solution File, Format Version 12.00
# Visual Studio 15
VisualStudioVersion = 15.0.26124.0
MinimumVisualStudioVersion = 15.0.26124.0
Project("{2150E333-8FDC-42A3-9474-1A3956D46DE8}") = "src", "src", "{3721B9F8-FCFC-4BAF-B833-20E323EDB094}"
EndProject
Project("{2150E333-8FDC-42A3-9474-1A3956D46DE8}") = "test", "test", "{3CD6FFCB-89BF-4703-9002-29330B14D0BD}"
EndProject
Project("{2150E333-8FDC-42A3-9474-1A3956D46DE8}") = "Lib", "Lib", "{B6399940-0A0A-4794-855A-89EEF444BA8B}"
EndProject
Project("{FAE04EC0-301F-11D3-BF4B-00C04F79EFBC}") = "Annium.Id.AspNetCore", "src\Lib\Annium.Id.AspNetCore\Annium.Id.AspNetCore.csproj", "{A92C43B3-016A-4520-84DB-AEF224A32925}"
EndProject
Project("{FAE04EC0-301F-11D3-BF4B-00C04F79EFBC}") = "Annium.Id.Core", "src\Lib\Annium.Id.Core\Annium.Id.Core.csproj", "{1F38D94A-FDC3-42D7-9F74-9B7412DF4291}"
EndProject
Project("{2150E333-8FDC-42A3-9474-1A3956D46DE8}") = "Lib", "Lib", "{4127037A-EEBE-4C2E-9076-046D438ED097}"
EndProject
Project("{FAE04EC0-301F-11D3-BF4B-00C04F79EFBC}") = "Annium.Id.Core.Tests", "test\Lib\Annium.Id.Core.Tests\Annium.Id.Core.Tests.csproj", "{5CC876A9-D9D0-4879-95CA-FE205740DC1B}"
EndProject
Project("{2150E333-8FDC-42A3-9474-1A3956D46DE8}") = "Api", "Api", "{6581F0AC-12F5-4522-9F3E-8F29C0E31DFC}"
EndProject
Project("{FAE04EC0-301F-11D3-BF4B-00C04F79EFBC}") = "Annium.Id.Api", "src\Api\Annium.Id.Api\Annium.Id.Api.csproj", "{61242A3F-4304-4E25-9E45-186F5E45F54A}"
EndProject
Project("{FAE04EC0-301F-11D3-BF4B-00C04F79EFBC}") = "Annium.Id.Api.Application", "src\Api\Annium.Id.Api.Application\Annium.Id.Api.Application.csproj", "{9594F488-EE2D-40CE-8EFB-B0DEC670722E}"
EndProject
Project("{FAE04EC0-301F-11D3-BF4B-00C04F79EFBC}") = "Annium.Id.Api.ViewModels", "src\Api\Annium.Id.Api.ViewModels\Annium.Id.Api.ViewModels.csproj", "{A4FE6670-74F8-47A5-860C-8466452A5261}"
EndProject
Project("{2150E333-8FDC-42A3-9474-1A3956D46DE8}") = "Api", "Api", "{9F04372A-790C-4332-B75A-1DADC2954EBC}"
EndProject
Project("{FAE04EC0-301F-11D3-BF4B-00C04F79EFBC}") = "Annium.Id.DemoClient", "test\Api\Annium.Id.DemoClient\Annium.Id.DemoClient.csproj", "{6AB2872D-C216-4D91-88A7-71EC4B45B7A5}"
EndProject
Project("{FAE04EC0-301F-11D3-BF4B-00C04F79EFBC}") = "Annium.Id.IntegrationTests", "test\Api\Annium.Id.IntegrationTests\Annium.Id.IntegrationTests.csproj", "{CF5435BE-9481-4C0B-B312-A4258AE8C913}"
EndProject
Project("{2150E333-8FDC-42A3-9474-1A3956D46DE8}") = "Shared", "Shared", "{4A6E985D-5514-4037-9C44-E8E931DF3256}"
EndProject
Project("{FAE04EC0-301F-11D3-BF4B-00C04F79EFBC}") = "Annium.Id.Db", "src\Shared\Annium.Id.Db\Annium.Id.Db.csproj", "{87BD5F44-A5C9-4A7C-8003-37D686AD80DE}"
EndProject
Project("{FAE04EC0-301F-11D3-BF4B-00C04F79EFBC}") = "Annium.Id.Domain", "src\Shared\Annium.Id.Domain\Annium.Id.Domain.csproj", "{E32FB2F2-BEB0-479E-81B6-44A06C6DD41A}"
EndProject
Project("{FAE04EC0-301F-11D3-BF4B-00C04F79EFBC}") = "Annium.Id.Infrastructure", "src\Shared\Annium.Id.Infrastructure\Annium.Id.Infrastructure.csproj", "{28E41F46-A989-421C-8689-CA84C2FC9ADC}"
EndProject
Global
	GlobalSection(SolutionConfigurationPlatforms) = preSolution
		Debug|Any CPU = Debug|Any CPU
		Debug|x64 = Debug|x64
		Debug|x86 = Debug|x86
		Release|Any CPU = Release|Any CPU
		Release|x64 = Release|x64
		Release|x86 = Release|x86
	EndGlobalSection
	GlobalSection(SolutionProperties) = preSolution
		HideSolutionNode = FALSE
	EndGlobalSection
	GlobalSection(NestedProjects) = preSolution
		{B6399940-0A0A-4794-855A-89EEF444BA8B} = {3721B9F8-FCFC-4BAF-B833-20E323EDB094}
		{A92C43B3-016A-4520-84DB-AEF224A32925} = {B6399940-0A0A-4794-855A-89EEF444BA8B}
		{1F38D94A-FDC3-42D7-9F74-9B7412DF4291} = {B6399940-0A0A-4794-855A-89EEF444BA8B}
		{4127037A-EEBE-4C2E-9076-046D438ED097} = {3CD6FFCB-89BF-4703-9002-29330B14D0BD}
		{5CC876A9-D9D0-4879-95CA-FE205740DC1B} = {4127037A-EEBE-4C2E-9076-046D438ED097}
		{6581F0AC-12F5-4522-9F3E-8F29C0E31DFC} = {3721B9F8-FCFC-4BAF-B833-20E323EDB094}
		{61242A3F-4304-4E25-9E45-186F5E45F54A} = {6581F0AC-12F5-4522-9F3E-8F29C0E31DFC}
		{9594F488-EE2D-40CE-8EFB-B0DEC670722E} = {6581F0AC-12F5-4522-9F3E-8F29C0E31DFC}
		{A4FE6670-74F8-47A5-860C-8466452A5261} = {6581F0AC-12F5-4522-9F3E-8F29C0E31DFC}
		{9F04372A-790C-4332-B75A-1DADC2954EBC} = {3CD6FFCB-89BF-4703-9002-29330B14D0BD}
		{6AB2872D-C216-4D91-88A7-71EC4B45B7A5} = {9F04372A-790C-4332-B75A-1DADC2954EBC}
		{CF5435BE-9481-4C0B-B312-A4258AE8C913} = {9F04372A-790C-4332-B75A-1DADC2954EBC}
		{4A6E985D-5514-4037-9C44-E8E931DF3256} = {3721B9F8-FCFC-4BAF-B833-20E323EDB094}
		{87BD5F44-A5C9-4A7C-8003-37D686AD80DE} = {4A6E985D-5514-4037-9C44-E8E931DF3256}
		{E32FB2F2-BEB0-479E-81B6-44A06C6DD41A} = {4A6E985D-5514-4037-9C44-E8E931DF3256}
		{28E41F46-A989-421C-8689-CA84C2FC9ADC} = {4A6E985D-5514-4037-9C44-E8E931DF3256}
	EndGlobalSection
	GlobalSection(ProjectConfigurationPlatforms) = postSolution
		{A92C43B3-016A-4520-84DB-AEF224A32925}.Debug|Any CPU.ActiveCfg = Debug|Any CPU
		{A92C43B3-016A-4520-84DB-AEF224A32925}.Debug|Any CPU.Build.0 = Debug|Any CPU
		{A92C43B3-016A-4520-84DB-AEF224A32925}.Debug|x64.ActiveCfg = Debug|Any CPU
		{A92C43B3-016A-4520-84DB-AEF224A32925}.Debug|x64.Build.0 = Debug|Any CPU
		{A92C43B3-016A-4520-84DB-AEF224A32925}.Debug|x86.ActiveCfg = Debug|Any CPU
		{A92C43B3-016A-4520-84DB-AEF224A32925}.Debug|x86.Build.0 = Debug|Any CPU
		{A92C43B3-016A-4520-84DB-AEF224A32925}.Release|Any CPU.ActiveCfg = Release|Any CPU
		{A92C43B3-016A-4520-84DB-AEF224A32925}.Release|Any CPU.Build.0 = Release|Any CPU
		{A92C43B3-016A-4520-84DB-AEF224A32925}.Release|x64.ActiveCfg = Release|Any CPU
		{A92C43B3-016A-4520-84DB-AEF224A32925}.Release|x64.Build.0 = Release|Any CPU
		{A92C43B3-016A-4520-84DB-AEF224A32925}.Release|x86.ActiveCfg = Release|Any CPU
		{A92C43B3-016A-4520-84DB-AEF224A32925}.Release|x86.Build.0 = Release|Any CPU
		{1F38D94A-FDC3-42D7-9F74-9B7412DF4291}.Debug|Any CPU.ActiveCfg = Debug|Any CPU
		{1F38D94A-FDC3-42D7-9F74-9B7412DF4291}.Debug|Any CPU.Build.0 = Debug|Any CPU
		{1F38D94A-FDC3-42D7-9F74-9B7412DF4291}.Debug|x64.ActiveCfg = Debug|Any CPU
		{1F38D94A-FDC3-42D7-9F74-9B7412DF4291}.Debug|x64.Build.0 = Debug|Any CPU
		{1F38D94A-FDC3-42D7-9F74-9B7412DF4291}.Debug|x86.ActiveCfg = Debug|Any CPU
		{1F38D94A-FDC3-42D7-9F74-9B7412DF4291}.Debug|x86.Build.0 = Debug|Any CPU
		{1F38D94A-FDC3-42D7-9F74-9B7412DF4291}.Release|Any CPU.ActiveCfg = Release|Any CPU
		{1F38D94A-FDC3-42D7-9F74-9B7412DF4291}.Release|Any CPU.Build.0 = Release|Any CPU
		{1F38D94A-FDC3-42D7-9F74-9B7412DF4291}.Release|x64.ActiveCfg = Release|Any CPU
		{1F38D94A-FDC3-42D7-9F74-9B7412DF4291}.Release|x64.Build.0 = Release|Any CPU
		{1F38D94A-FDC3-42D7-9F74-9B7412DF4291}.Release|x86.ActiveCfg = Release|Any CPU
		{1F38D94A-FDC3-42D7-9F74-9B7412DF4291}.Release|x86.Build.0 = Release|Any CPU
		{5CC876A9-D9D0-4879-95CA-FE205740DC1B}.Debug|Any CPU.ActiveCfg = Debug|Any CPU
		{5CC876A9-D9D0-4879-95CA-FE205740DC1B}.Debug|Any CPU.Build.0 = Debug|Any CPU
		{5CC876A9-D9D0-4879-95CA-FE205740DC1B}.Debug|x64.ActiveCfg = Debug|Any CPU
		{5CC876A9-D9D0-4879-95CA-FE205740DC1B}.Debug|x64.Build.0 = Debug|Any CPU
		{5CC876A9-D9D0-4879-95CA-FE205740DC1B}.Debug|x86.ActiveCfg = Debug|Any CPU
		{5CC876A9-D9D0-4879-95CA-FE205740DC1B}.Debug|x86.Build.0 = Debug|Any CPU
		{5CC876A9-D9D0-4879-95CA-FE205740DC1B}.Release|Any CPU.ActiveCfg = Release|Any CPU
		{5CC876A9-D9D0-4879-95CA-FE205740DC1B}.Release|Any CPU.Build.0 = Release|Any CPU
		{5CC876A9-D9D0-4879-95CA-FE205740DC1B}.Release|x64.ActiveCfg = Release|Any CPU
		{5CC876A9-D9D0-4879-95CA-FE205740DC1B}.Release|x64.Build.0 = Release|Any CPU
		{5CC876A9-D9D0-4879-95CA-FE205740DC1B}.Release|x86.ActiveCfg = Release|Any CPU
		{5CC876A9-D9D0-4879-95CA-FE205740DC1B}.Release|x86.Build.0 = Release|Any CPU
		{61242A3F-4304-4E25-9E45-186F5E45F54A}.Debug|Any CPU.ActiveCfg = Debug|Any CPU
		{61242A3F-4304-4E25-9E45-186F5E45F54A}.Debug|Any CPU.Build.0 = Debug|Any CPU
		{61242A3F-4304-4E25-9E45-186F5E45F54A}.Debug|x64.ActiveCfg = Debug|Any CPU
		{61242A3F-4304-4E25-9E45-186F5E45F54A}.Debug|x64.Build.0 = Debug|Any CPU
		{61242A3F-4304-4E25-9E45-186F5E45F54A}.Debug|x86.ActiveCfg = Debug|Any CPU
		{61242A3F-4304-4E25-9E45-186F5E45F54A}.Debug|x86.Build.0 = Debug|Any CPU
		{61242A3F-4304-4E25-9E45-186F5E45F54A}.Release|Any CPU.ActiveCfg = Release|Any CPU
		{61242A3F-4304-4E25-9E45-186F5E45F54A}.Release|Any CPU.Build.0 = Release|Any CPU
		{61242A3F-4304-4E25-9E45-186F5E45F54A}.Release|x64.ActiveCfg = Release|Any CPU
		{61242A3F-4304-4E25-9E45-186F5E45F54A}.Release|x64.Build.0 = Release|Any CPU
		{61242A3F-4304-4E25-9E45-186F5E45F54A}.Release|x86.ActiveCfg = Release|Any CPU
		{61242A3F-4304-4E25-9E45-186F5E45F54A}.Release|x86.Build.0 = Release|Any CPU
		{9594F488-EE2D-40CE-8EFB-B0DEC670722E}.Debug|Any CPU.ActiveCfg = Debug|Any CPU
		{9594F488-EE2D-40CE-8EFB-B0DEC670722E}.Debug|Any CPU.Build.0 = Debug|Any CPU
		{9594F488-EE2D-40CE-8EFB-B0DEC670722E}.Debug|x64.ActiveCfg = Debug|Any CPU
		{9594F488-EE2D-40CE-8EFB-B0DEC670722E}.Debug|x64.Build.0 = Debug|Any CPU
		{9594F488-EE2D-40CE-8EFB-B0DEC670722E}.Debug|x86.ActiveCfg = Debug|Any CPU
		{9594F488-EE2D-40CE-8EFB-B0DEC670722E}.Debug|x86.Build.0 = Debug|Any CPU
		{9594F488-EE2D-40CE-8EFB-B0DEC670722E}.Release|Any CPU.ActiveCfg = Release|Any CPU
		{9594F488-EE2D-40CE-8EFB-B0DEC670722E}.Release|Any CPU.Build.0 = Release|Any CPU
		{9594F488-EE2D-40CE-8EFB-B0DEC670722E}.Release|x64.ActiveCfg = Release|Any CPU
		{9594F488-EE2D-40CE-8EFB-B0DEC670722E}.Release|x64.Build.0 = Release|Any CPU
		{9594F488-EE2D-40CE-8EFB-B0DEC670722E}.Release|x86.ActiveCfg = Release|Any CPU
		{9594F488-EE2D-40CE-8EFB-B0DEC670722E}.Release|x86.Build.0 = Release|Any CPU
		{A4FE6670-74F8-47A5-860C-8466452A5261}.Debug|Any CPU.ActiveCfg = Debug|Any CPU
		{A4FE6670-74F8-47A5-860C-8466452A5261}.Debug|Any CPU.Build.0 = Debug|Any CPU
		{A4FE6670-74F8-47A5-860C-8466452A5261}.Debug|x64.ActiveCfg = Debug|Any CPU
		{A4FE6670-74F8-47A5-860C-8466452A5261}.Debug|x64.Build.0 = Debug|Any CPU
		{A4FE6670-74F8-47A5-860C-8466452A5261}.Debug|x86.ActiveCfg = Debug|Any CPU
		{A4FE6670-74F8-47A5-860C-8466452A5261}.Debug|x86.Build.0 = Debug|Any CPU
		{A4FE6670-74F8-47A5-860C-8466452A5261}.Release|Any CPU.ActiveCfg = Release|Any CPU
		{A4FE6670-74F8-47A5-860C-8466452A5261}.Release|Any CPU.Build.0 = Release|Any CPU
		{A4FE6670-74F8-47A5-860C-8466452A5261}.Release|x64.ActiveCfg = Release|Any CPU
		{A4FE6670-74F8-47A5-860C-8466452A5261}.Release|x64.Build.0 = Release|Any CPU
		{A4FE6670-74F8-47A5-860C-8466452A5261}.Release|x86.ActiveCfg = Release|Any CPU
		{A4FE6670-74F8-47A5-860C-8466452A5261}.Release|x86.Build.0 = Release|Any CPU
		{6AB2872D-C216-4D91-88A7-71EC4B45B7A5}.Debug|Any CPU.ActiveCfg = Debug|Any CPU
		{6AB2872D-C216-4D91-88A7-71EC4B45B7A5}.Debug|Any CPU.Build.0 = Debug|Any CPU
		{6AB2872D-C216-4D91-88A7-71EC4B45B7A5}.Debug|x64.ActiveCfg = Debug|Any CPU
		{6AB2872D-C216-4D91-88A7-71EC4B45B7A5}.Debug|x64.Build.0 = Debug|Any CPU
		{6AB2872D-C216-4D91-88A7-71EC4B45B7A5}.Debug|x86.ActiveCfg = Debug|Any CPU
		{6AB2872D-C216-4D91-88A7-71EC4B45B7A5}.Debug|x86.Build.0 = Debug|Any CPU
		{6AB2872D-C216-4D91-88A7-71EC4B45B7A5}.Release|Any CPU.ActiveCfg = Release|Any CPU
		{6AB2872D-C216-4D91-88A7-71EC4B45B7A5}.Release|Any CPU.Build.0 = Release|Any CPU
		{6AB2872D-C216-4D91-88A7-71EC4B45B7A5}.Release|x64.ActiveCfg = Release|Any CPU
		{6AB2872D-C216-4D91-88A7-71EC4B45B7A5}.Release|x64.Build.0 = Release|Any CPU
		{6AB2872D-C216-4D91-88A7-71EC4B45B7A5}.Release|x86.ActiveCfg = Release|Any CPU
		{6AB2872D-C216-4D91-88A7-71EC4B45B7A5}.Release|x86.Build.0 = Release|Any CPU
		{CF5435BE-9481-4C0B-B312-A4258AE8C913}.Debug|Any CPU.ActiveCfg = Debug|Any CPU
		{CF5435BE-9481-4C0B-B312-A4258AE8C913}.Debug|Any CPU.Build.0 = Debug|Any CPU
		{CF5435BE-9481-4C0B-B312-A4258AE8C913}.Debug|x64.ActiveCfg = Debug|Any CPU
		{CF5435BE-9481-4C0B-B312-A4258AE8C913}.Debug|x64.Build.0 = Debug|Any CPU
		{CF5435BE-9481-4C0B-B312-A4258AE8C913}.Debug|x86.ActiveCfg = Debug|Any CPU
		{CF5435BE-9481-4C0B-B312-A4258AE8C913}.Debug|x86.Build.0 = Debug|Any CPU
		{CF5435BE-9481-4C0B-B312-A4258AE8C913}.Release|Any CPU.ActiveCfg = Release|Any CPU
		{CF5435BE-9481-4C0B-B312-A4258AE8C913}.Release|Any CPU.Build.0 = Release|Any CPU
		{CF5435BE-9481-4C0B-B312-A4258AE8C913}.Release|x64.ActiveCfg = Release|Any CPU
		{CF5435BE-9481-4C0B-B312-A4258AE8C913}.Release|x64.Build.0 = Release|Any CPU
		{CF5435BE-9481-4C0B-B312-A4258AE8C913}.Release|x86.ActiveCfg = Release|Any CPU
		{CF5435BE-9481-4C0B-B312-A4258AE8C913}.Release|x86.Build.0 = Release|Any CPU
		{87BD5F44-A5C9-4A7C-8003-37D686AD80DE}.Debug|Any CPU.ActiveCfg = Debug|Any CPU
		{87BD5F44-A5C9-4A7C-8003-37D686AD80DE}.Debug|Any CPU.Build.0 = Debug|Any CPU
		{87BD5F44-A5C9-4A7C-8003-37D686AD80DE}.Debug|x64.ActiveCfg = Debug|Any CPU
		{87BD5F44-A5C9-4A7C-8003-37D686AD80DE}.Debug|x64.Build.0 = Debug|Any CPU
		{87BD5F44-A5C9-4A7C-8003-37D686AD80DE}.Debug|x86.ActiveCfg = Debug|Any CPU
		{87BD5F44-A5C9-4A7C-8003-37D686AD80DE}.Debug|x86.Build.0 = Debug|Any CPU
		{87BD5F44-A5C9-4A7C-8003-37D686AD80DE}.Release|Any CPU.ActiveCfg = Release|Any CPU
		{87BD5F44-A5C9-4A7C-8003-37D686AD80DE}.Release|Any CPU.Build.0 = Release|Any CPU
		{87BD5F44-A5C9-4A7C-8003-37D686AD80DE}.Release|x64.ActiveCfg = Release|Any CPU
		{87BD5F44-A5C9-4A7C-8003-37D686AD80DE}.Release|x64.Build.0 = Release|Any CPU
		{87BD5F44-A5C9-4A7C-8003-37D686AD80DE}.Release|x86.ActiveCfg = Release|Any CPU
		{87BD5F44-A5C9-4A7C-8003-37D686AD80DE}.Release|x86.Build.0 = Release|Any CPU
		{E32FB2F2-BEB0-479E-81B6-44A06C6DD41A}.Debug|Any CPU.ActiveCfg = Debug|Any CPU
		{E32FB2F2-BEB0-479E-81B6-44A06C6DD41A}.Debug|Any CPU.Build.0 = Debug|Any CPU
		{E32FB2F2-BEB0-479E-81B6-44A06C6DD41A}.Debug|x64.ActiveCfg = Debug|Any CPU
		{E32FB2F2-BEB0-479E-81B6-44A06C6DD41A}.Debug|x64.Build.0 = Debug|Any CPU
		{E32FB2F2-BEB0-479E-81B6-44A06C6DD41A}.Debug|x86.ActiveCfg = Debug|Any CPU
		{E32FB2F2-BEB0-479E-81B6-44A06C6DD41A}.Debug|x86.Build.0 = Debug|Any CPU
		{E32FB2F2-BEB0-479E-81B6-44A06C6DD41A}.Release|Any CPU.ActiveCfg = Release|Any CPU
		{E32FB2F2-BEB0-479E-81B6-44A06C6DD41A}.Release|Any CPU.Build.0 = Release|Any CPU
		{E32FB2F2-BEB0-479E-81B6-44A06C6DD41A}.Release|x64.ActiveCfg = Release|Any CPU
		{E32FB2F2-BEB0-479E-81B6-44A06C6DD41A}.Release|x64.Build.0 = Release|Any CPU
		{E32FB2F2-BEB0-479E-81B6-44A06C6DD41A}.Release|x86.ActiveCfg = Release|Any CPU
		{E32FB2F2-BEB0-479E-81B6-44A06C6DD41A}.Release|x86.Build.0 = Release|Any CPU
		{28E41F46-A989-421C-8689-CA84C2FC9ADC}.Debug|Any CPU.ActiveCfg = Debug|Any CPU
		{28E41F46-A989-421C-8689-CA84C2FC9ADC}.Debug|Any CPU.Build.0 = Debug|Any CPU
		{28E41F46-A989-421C-8689-CA84C2FC9ADC}.Debug|x64.ActiveCfg = Debug|Any CPU
		{28E41F46-A989-421C-8689-CA84C2FC9ADC}.Debug|x64.Build.0 = Debug|Any CPU
		{28E41F46-A989-421C-8689-CA84C2FC9ADC}.Debug|x86.ActiveCfg = Debug|Any CPU
		{28E41F46-A989-421C-8689-CA84C2FC9ADC}.Debug|x86.Build.0 = Debug|Any CPU
		{28E41F46-A989-421C-8689-CA84C2FC9ADC}.Release|Any CPU.ActiveCfg = Release|Any CPU
		{28E41F46-A989-421C-8689-CA84C2FC9ADC}.Release|Any CPU.Build.0 = Release|Any CPU
		{28E41F46-A989-421C-8689-CA84C2FC9ADC}.Release|x64.ActiveCfg = Release|Any CPU
		{28E41F46-A989-421C-8689-CA84C2FC9ADC}.Release|x64.Build.0 = Release|Any CPU
		{28E41F46-A989-421C-8689-CA84C2FC9ADC}.Release|x86.ActiveCfg = Release|Any CPU
		{28E41F46-A989-421C-8689-CA84C2FC9ADC}.Release|x86.Build.0 = Release|Any CPU
	EndGlobalSection
EndGlobal
